# This file may be used to create an environment using:
# $ conda create --name <env> --file <this file>
# platform: linux-64
# created-by: conda 26.1.1
@EXPLICIT
https://conda.anaconda.org/conda-forge/noarch/ca-certificates-2026.7.22-hbd8a1cb_0.conda
https://conda.anaconda.org/conda-forge/linux-64/libgomp-16.1.0-he0feb66_1.conda
https://conda.anaconda.org/conda-forge/linux-64/libzlib-1.3.2-h25fd6f3_3.conda
https://conda.anaconda.org/conda-forge/linux-64/mpi-1.0-openmpi.tar.bz2
https://conda.anaconda.org/conda-forge/noarch/python_abi-3.10-8_cp310.conda
https://conda.anaconda.org/bioconda/linux-64/seqkit-2.13.0-he881be0_0.conda
https://conda.anaconda.org/bioconda/linux-64/taxonkit-0.20.0-h9ee0642_1.conda
https://conda.anaconda.org/conda-forge/noarch/tzdata-2026c-h151e31d_0.conda
https://conda.anaconda.org/conda-forge/linux-64/_openmp_mutex-4.5-20_gnu.conda
https://conda.anaconda.org/conda-forge/linux-64/zlib-1.3.2-h25fd6f3_3.conda
https://conda.anaconda.org/conda-forge/linux-64/zstd-1.5.7-hb78ec9c_6.conda
https://conda.anaconda.org/conda-forge/linux-64/ld_impl_linux-64-2.46.1-default_hbd61a6d_102.conda
https://conda.anaconda.org/conda-forge/linux-64/libgcc-16.1.0-ha9f2e26_1.conda
https://conda.anaconda.org/bioconda/linux-64/aragorn-1.2.41-h7b50bb2_5.tar.bz2
https://conda.anaconda.org/conda-forge/linux-64/aws-c-common-0.14.2-hb03c661_0.conda
https://conda.anaconda.org/conda-forge/linux-64/bzip2-1.0.8-hda65f42_9.conda
https://conda.anaconda.org/conda-forge/linux-64/c-ares-1.34.8-hb03c661_0.conda
https://conda.anaconda.org/conda-forge/linux-64/gzip-1.14-hb9d3cd8_0.conda
https://conda.anaconda.org/conda-forge/linux-64/keyutils-1.6.3-hb9d3cd8_0.conda
https://conda.anaconda.org/conda-forge/linux-64/libbrotlicommon-1.2.0-hb03c661_1.conda
https://conda.anaconda.org/conda-forge/linux-64/libdeflate-1.25-h17f619e_0.conda
https://conda.anaconda.org/conda-forge/linux-64/libexpat-2.8.1-hecca717_1.conda
https://conda.anaconda.org/conda-forge/linux-64/libffi-3.5.2-h3435931_0.conda
https://conda.anaconda.org/conda-forge/linux-64/libgcc-ng-16.1.0-h69a702a_1.conda
https://conda.anaconda.org/conda-forge/linux-64/libgfortran5-16.1.0-h79bb938_1.conda
https://conda.anaconda.org/conda-forge/linux-64/libiconv-1.18-h3b78370_2.conda
https://conda.anaconda.org/conda-forge/linux-64/libjpeg-turbo-3.2.0-hb03c661_0.conda
https://conda.anaconda.org/conda-forge/linux-64/liblzma-5.8.3-hb03c661_0.conda
https://conda.anaconda.org/conda-forge/linux-64/libnsl-2.0.1-hb9d3cd8_1.conda
https://conda.anaconda.org/conda-forge/linux-64/libpng-1.6.58-h421ea60_0.conda
https://conda.anaconda.org/conda-forge/linux-64/libstdcxx-16.1.0-h934c35e_1.conda
https://conda.anaconda.org/conda-forge/linux-64/libuuid-2.42.2-h5347b49_0.conda
https://conda.anaconda.org/conda-forge/linux-64/libwebp-base-1.6.0-hd42ef1d_0.conda
https://conda.anaconda.org/conda-forge/linux-64/make-4.4.1-hb9d3cd8_2.conda
https://conda.anaconda.org/conda-forge/linux-64/ncurses-6.6-hdb14827_0.conda
https://conda.anaconda.org/conda-forge/linux-64/openssl-3.6.3-h35e630c_0.conda
https://conda.anaconda.org/bioconda/linux-64/prodigal-2.6.3-h577a1d6_11.tar.bz2
https://conda.anaconda.org/conda-forge/linux-64/pthread-stubs-0.4-hb9d3cd8_1002.conda
https://conda.anaconda.org/conda-forge/linux-64/tk-8.6.13-noxft_hd70dff1_3.conda
https://conda.anaconda.org/conda-forge/linux-64/unzip-6.0-hb03c661_4.conda
https://conda.anaconda.org/conda-forge/linux-64/xorg-libxau-1.0.12-hb03c661_1.conda
https://conda.anaconda.org/conda-forge/linux-64/xorg-libxdmcp-1.1.5-hb03c661_1.conda
https://conda.anaconda.org/conda-forge/linux-64/yaml-0.2.5-h280c20c_3.conda
https://conda.anaconda.org/conda-forge/linux-64/aws-c-cal-0.9.14-h2aa3ae6_4.conda
https://conda.anaconda.org/conda-forge/linux-64/aws-c-compression-0.3.2-h720e601_4.conda
https://conda.anaconda.org/conda-forge/linux-64/aws-c-sdkutils-0.2.7-h720e601_2.conda
https://conda.anaconda.org/conda-forge/linux-64/aws-checksums-0.2.10-h720e601_4.conda
https://conda.anaconda.org/bioconda/linux-64/bedtools-2.31.1-h13024bc_3.tar.bz2
https://conda.anaconda.org/conda-forge/linux-64/icu-78.3-h54a6638_2.conda
https://conda.anaconda.org/conda-forge/linux-64/lerc-4.2.0-hdb68285_0.conda
https://conda.anaconda.org/conda-forge/linux-64/libaec-1.1.5-h088129d_0.conda
https://conda.anaconda.org/conda-forge/linux-64/libasprintf-0.25.1-h3f43e3d_1.conda
https://conda.anaconda.org/conda-forge/linux-64/libbrotlidec-1.2.0-hb03c661_1.conda
https://conda.anaconda.org/conda-forge/linux-64/libbrotlienc-1.2.0-hb03c661_1.conda
https://conda.anaconda.org/conda-forge/linux-64/libedit-3.1.20250104-pl5321h7949ede_0.conda
https://conda.anaconda.org/conda-forge/linux-64/libev-4.33-hd590300_2.conda
https://conda.anaconda.org/conda-forge/linux-64/libfreetype6-2.14.3-h73754d4_0.conda
https://conda.anaconda.org/conda-forge/linux-64/libgettextpo-0.25.1-h3f43e3d_1.conda
https://conda.anaconda.org/conda-forge/linux-64/libgfortran-16.1.0-h69a702a_1.conda
https://conda.anaconda.org/conda-forge/linux-64/liblzma-devel-5.8.3-hb03c661_0.conda
https://conda.anaconda.org/conda-forge/linux-64/libssh2-1.11.1-hcf80075_0.conda
https://conda.anaconda.org/conda-forge/linux-64/libstdcxx-ng-16.1.0-hdf11a46_1.conda
https://conda.anaconda.org/conda-forge/linux-64/libunistring-0.9.10-h7f98852_0.tar.bz2
https://conda.anaconda.org/conda-forge/linux-64/libxcb-1.17.0-h8a09558_0.conda
https://conda.anaconda.org/conda-forge/linux-64/libxcrypt-4.4.36-hd590300_1.conda
https://conda.anaconda.org/conda-forge/linux-64/pcre2-10.47-haa7fec5_0.conda
https://conda.anaconda.org/conda-forge/linux-64/readline-8.3-h853b02a_0.conda
https://conda.anaconda.org/conda-forge/linux-64/s2n-1.7.5-h7e3ee7f_1.conda
https://conda.anaconda.org/bioconda/linux-64/transtermhp-2.09-h9948957_2.conda
https://conda.anaconda.org/conda-forge/linux-64/xz-gpl-tools-5.8.3-ha02ee65_0.conda
https://conda.anaconda.org/conda-forge/linux-64/xz-tools-5.8.3-hb03c661_0.conda
https://conda.anaconda.org/conda-forge/linux-64/zlib-ng-2.3.3-hceb46e0_1.conda
https://conda.anaconda.org/conda-forge/linux-64/aws-c-io-0.27.3-h6f4d18d_1.conda
https://conda.anaconda.org/conda-forge/linux-64/brotli-bin-1.2.0-hb03c661_1.conda
https://conda.anaconda.org/conda-forge/linux-64/gmp-6.3.0-hac33072_2.conda
https://conda.anaconda.org/conda-forge/linux-64/krb5-1.22.2-hbde042b_1.conda
https://conda.anaconda.org/conda-forge/linux-64/libfreetype-2.14.3-ha770c72_0.conda
https://conda.anaconda.org/conda-forge/linux-64/libgfortran-ng-16.1.0-h69a702a_1.conda
https://conda.anaconda.org/conda-forge/linux-64/libidn2-2.3.8-hfac485b_1.conda
https://conda.anaconda.org/conda-forge/linux-64/libnghttp2-1.68.1-h877daf1_0.conda
https://conda.anaconda.org/conda-forge/linux-64/libpsl-0.23.0-hf670292_0.conda
https://conda.anaconda.org/conda-forge/linux-64/libsqlite-3.53.4-hf4e2dac_0.conda
https://conda.anaconda.org/conda-forge/linux-64/libtiff-4.7.2-h9d88235_0.conda
https://conda.anaconda.org/conda-forge/linux-64/libxml2-16-2.15.3-hca6bf5a_0.conda
https://conda.anaconda.org/conda-forge/linux-64/perl-5.32.1-7_hd590300_perl5.conda
https://conda.anaconda.org/conda-forge/linux-64/qhull-2020.2-h434a139_5.conda
https://conda.anaconda.org/conda-forge/linux-64/xz-5.8.3-ha02ee65_0.conda
https://conda.anaconda.org/bioconda/noarch/any2fasta-0.8.1-hdfd78af_0.conda
https://conda.anaconda.org/conda-forge/linux-64/aws-c-http-0.11.0-h38ae05a_4.conda
https://conda.anaconda.org/conda-forge/linux-64/brotli-1.2.0-hed03a55_1.conda
https://conda.anaconda.org/bioconda/linux-64/diamond-2.2.4-he361c42_0.conda
https://conda.anaconda.org/conda-forge/linux-64/freetype-2.14.3-ha770c72_0.conda
https://conda.anaconda.org/bioconda/linux-64/infernal-1.1.5-pl5321h7b50bb2_4.tar.bz2
https://conda.anaconda.org/conda-forge/linux-64/lcms2-2.19.1-h0c24ade_1.conda
https://conda.anaconda.org/conda-forge/linux-64/libcurl-8.21.0-heca4667_4.conda
https://conda.anaconda.org/conda-forge/linux-64/libopenblas-0.3.25-pthreads_h413a1c8_0.conda
https://conda.anaconda.org/conda-forge/linux-64/libxml2-2.15.3-h49c6c72_0.conda
https://conda.anaconda.org/conda-forge/linux-64/mpfr-4.2.2-he0a73b1_0.conda
https://conda.anaconda.org/conda-forge/linux-64/openjpeg-2.5.4-h55fea9a_0.conda
https://conda.anaconda.org/conda-forge/linux-64/openmpi-4.1.6-hc5af2df_101.conda
https://conda.anaconda.org/conda-forge/noarch/parallel-20260722-hd8ed1ab_0.conda
https://conda.anaconda.org/conda-forge/noarch/perl-exporter-tiny-1.002002-pl5321hd8ed1ab_0.tar.bz2
https://conda.anaconda.org/conda-forge/noarch/perl-file-which-1.24-pl5321hd8ed1ab_0.tar.bz2
https://conda.anaconda.org/bioconda/linux-64/perl-list-moreutils-xs-0.430-pl5321h7b50bb2_5.tar.bz2
https://conda.anaconda.org/conda-forge/noarch/perl-path-tiny-0.150-pl5321hd8ed1ab_0.conda
https://conda.anaconda.org/conda-forge/linux-64/python-3.10.20-h267e890_1_cpython.conda
https://conda.anaconda.org/conda-forge/linux-64/ruby-4.0.6-h95e6935_0.conda
https://conda.anaconda.org/conda-forge/linux-64/wget-1.25.0-h653f8fd_1.conda
https://conda.anaconda.org/bioconda/noarch/ziggypep-0.3.1-hdfd78af_0.conda
https://conda.anaconda.org/conda-forge/noarch/archspec-0.2.5-pyhd8ed1ab_0.conda
https://conda.anaconda.org/conda-forge/linux-64/aria2-1.37.0-h4b33fff_4.conda
https://conda.anaconda.org/conda-forge/noarch/asttokens-3.0.2-pyhd8ed1ab_0.conda
https://conda.anaconda.org/conda-forge/noarch/attrs-26.1.0-pyhcf101f3_0.conda
https://conda.anaconda.org/conda-forge/linux-64/aws-c-auth-0.10.4-hb7a77c6_1.conda
https://conda.anaconda.org/conda-forge/linux-64/backports.zstd-1.6.0-py310h69bd2ac_0.conda
https://conda.anaconda.org/conda-forge/linux-64/brotli-python-1.2.0-py310hba01987_1.conda
https://conda.anaconda.org/conda-forge/noarch/cached_property-1.5.2-pyha770c72_2.conda
https://conda.anaconda.org/conda-forge/noarch/certifi-2026.7.22-pyhd8ed1ab_0.conda
https://conda.anaconda.org/conda-forge/noarch/charset-normalizer-3.4.9-pyhd8ed1ab_0.conda
https://conda.anaconda.org/conda-forge/noarch/colorama-0.4.6-pyhd8ed1ab_1.conda
https://conda.anaconda.org/conda-forge/linux-64/curl-8.21.0-heca4667_4.conda
https://conda.anaconda.org/conda-forge/noarch/cycler-0.12.1-pyhcf101f3_2.conda
https://conda.anaconda.org/conda-forge/noarch/decorator-5.3.1-pyhd8ed1ab_0.conda
https://conda.anaconda.org/conda-forge/noarch/et_xmlfile-2.0.0-pyhd8ed1ab_1.conda
https://conda.anaconda.org/conda-forge/noarch/executing-2.2.1-pyhd8ed1ab_0.conda
https://conda.anaconda.org/conda-forge/linux-64/gawk-5.4.1-h0a3468a_0.conda
https://conda.anaconda.org/conda-forge/linux-64/greenlet-3.5.4-py310h25320af_0.conda
https://conda.anaconda.org/conda-forge/noarch/hpack-4.2.0-pyhd8ed1ab_0.conda
https://conda.anaconda.org/conda-forge/noarch/hyperframe-6.1.0-pyhd8ed1ab_0.conda
https://conda.anaconda.org/conda-forge/noarch/idna-3.18-pyhcf101f3_0.conda
https://conda.anaconda.org/conda-forge/noarch/iniconfig-2.3.0-pyhd8ed1ab_0.conda
https://conda.anaconda.org/conda-forge/linux-64/kiwisolver-1.5.0-py310haaf941d_0.conda
https://conda.anaconda.org/conda-forge/linux-64/libblas-3.9.0-20_linux64_openblas.conda
https://conda.anaconda.org/conda-forge/noarch/lockfile-0.12.2-py_1.tar.bz2
https://conda.anaconda.org/conda-forge/linux-64/markupsafe-3.0.3-py310h3406613_1.conda
https://conda.anaconda.org/conda-forge/linux-64/msgpack-python-1.2.1-py310haaf941d_1.conda
https://conda.anaconda.org/conda-forge/noarch/munkres-1.1.4-pyhd8ed1ab_1.conda
https://conda.anaconda.org/conda-forge/noarch/narwhals-2.24.0-pyhcf101f3_0.conda
https://conda.anaconda.org/conda-forge/noarch/natsort-8.4.0-pyhcf101f3_2.conda
https://conda.anaconda.org/conda-forge/noarch/networkx-3.4-pyhd8ed1ab_0.conda
https://conda.anaconda.org/conda-forge/noarch/packaging-26.2-pyhc364b38_0.conda
https://conda.anaconda.org/conda-forge/noarch/parso-0.8.7-pyhcf101f3_0.conda
https://conda.anaconda.org/bioconda/noarch/perl-list-moreutils-0.430-pl5321hdfd78af_0.tar.bz2
https://conda.anaconda.org/conda-forge/noarch/pickleshare-0.7.5-pyhd8ed1ab_1004.conda
https://conda.anaconda.org/conda-forge/linux-64/pillow-12.3.0-py310h5a73078_0.conda
https://conda.anaconda.org/conda-forge/noarch/platformdirs-4.11.0-pyhcf101f3_0.conda
https://conda.anaconda.org/conda-forge/noarch/pluggy-1.6.0-pyhf9edf01_1.conda
https://conda.anaconda.org/conda-forge/noarch/ptyprocess-0.7.0-pyhd8ed1ab_1.conda
https://conda.anaconda.org/conda-forge/noarch/pure_eval-0.2.3-pyhd8ed1ab_1.conda
https://conda.anaconda.org/conda-forge/noarch/pygments-2.20.0-pyhd8ed1ab_0.conda
https://conda.anaconda.org/conda-forge/noarch/pyparsing-3.3.2-pyhcf101f3_0.conda
https://conda.anaconda.org/conda-forge/noarch/pysocks-1.7.1-pyha55dd90_7.conda
https://conda.anaconda.org/conda-forge/noarch/pytz-2026.3.post1-pyhcf101f3_0.conda
https://conda.anaconda.org/conda-forge/linux-64/rpds-py-0.30.0-py310hd8f68c5_0.conda
https://conda.anaconda.org/conda-forge/noarch/setuptools-80.10.2-pyh332efcf_0.conda
https://conda.anaconda.org/conda-forge/noarch/six-1.17.0-pyhe01879c_1.conda
https://conda.anaconda.org/conda-forge/noarch/threadpoolctl-3.6.0-pyhecae5ae_0.conda
https://conda.anaconda.org/conda-forge/noarch/tomli-2.4.1-pyhcf101f3_0.conda
https://conda.anaconda.org/conda-forge/noarch/traitlets-5.15.1-pyhcf101f3_0.conda
https://conda.anaconda.org/bioconda/linux-64/trnascan-se-2.0.13-pl5321hab16a5f_0.conda
https://conda.anaconda.org/conda-forge/noarch/typing_extensions-4.16.0-pyhcf101f3_0.conda
https://conda.anaconda.org/conda-forge/linux-64/unicodedata2-17.0.1-py310h7c4b9e2_0.conda
https://conda.anaconda.org/conda-forge/noarch/wcwidth-0.8.2-pyhd8ed1ab_0.conda
https://conda.anaconda.org/conda-forge/noarch/zipp-4.1.0-pyhcf101f3_0.conda
https://conda.anaconda.org/conda-forge/linux-64/aws-c-s3-0.12.8-h46fcd08_1.conda
https://conda.anaconda.org/conda-forge/noarch/cached-property-1.5.2-hd8ed1ab_2.conda
https://conda.anaconda.org/conda-forge/noarch/exceptiongroup-1.3.1-pyhd8ed1ab_0.conda
https://conda.anaconda.org/conda-forge/linux-64/fonttools-4.63.0-py310h3406613_0.conda
https://conda.anaconda.org/conda-forge/noarch/h2-4.4.0-pyhcf101f3_0.conda
https://conda.anaconda.org/conda-forge/noarch/importlib-metadata-9.0.0-pyhcf101f3_0.conda
https://conda.anaconda.org/conda-forge/noarch/jedi-0.20.0-pyhcf101f3_0.conda
https://conda.anaconda.org/conda-forge/noarch/jinja2-3.1.6-pyhcf101f3_1.conda
https://conda.anaconda.org/conda-forge/noarch/joblib-1.5.3-pyhd8ed1ab_0.conda
https://conda.anaconda.org/conda-forge/linux-64/libcblas-3.9.0-20_linux64_openblas.conda
https://conda.anaconda.org/conda-forge/linux-64/liblapack-3.9.0-20_linux64_openblas.conda
https://conda.anaconda.org/conda-forge/noarch/matplotlib-inline-0.2.2-pyhd8ed1ab_0.conda
https://conda.anaconda.org/bioconda/linux-64/mmseqs2-18.8cc5c-hd6d6fdc_0.tar.bz2
https://conda.anaconda.org/conda-forge/linux-64/openpyxl-3.1.5-py310h05b0c27_3.conda
https://conda.anaconda.org/conda-forge/noarch/pexpect-4.9.0-pyhd8ed1ab_1.conda
https://conda.anaconda.org/conda-forge/noarch/prompt-toolkit-3.0.53-pyha770c72_0.conda
https://conda.anaconda.org/bioconda/linux-64/pyrodigal-3.7.1-py310h7c10099_1.conda
https://conda.anaconda.org/conda-forge/noarch/python-dateutil-2.9.0.post0-pyhe01879c_2.conda
https://conda.anaconda.org/conda-forge/noarch/referencing-0.37.0-pyhcf101f3_0.conda
https://conda.anaconda.org/conda-forge/linux-64/sqlalchemy-1.4.46-py310h1fa729e_0.conda
https://conda.anaconda.org/conda-forge/noarch/stack_data-0.6.3-pyhd8ed1ab_1.conda
https://conda.anaconda.org/conda-forge/noarch/typing-extensions-4.16.0-h69aa097_0.conda
https://conda.anaconda.org/conda-forge/noarch/wheel-0.47.0-pyhd8ed1ab_0.conda
https://conda.anaconda.org/bioconda/noarch/barrnap-1.10.6-pl5321hdfd78af_0.conda
https://conda.anaconda.org/conda-forge/linux-64/gsl-2.7-he838d99_0.tar.bz2
https://conda.anaconda.org/conda-forge/linux-64/hdf5-2.1.0-nompi_h654f344_110.conda
https://conda.anaconda.org/conda-forge/noarch/ipython-8.37.0-pyh8f84b5b_0.conda
https://conda.anaconda.org/conda-forge/noarch/jsonschema-specifications-2025.9.1-pyhcf101f3_0.conda
https://conda.anaconda.org/conda-forge/linux-64/numpy-1.23.5-py310h53a5b5f_0.conda
https://conda.anaconda.org/conda-forge/noarch/pip-26.2-pyh8b19718_0.conda
https://conda.anaconda.org/conda-forge/noarch/pytest-9.1.1-pyhc364b38_2.conda
https://conda.anaconda.org/conda-forge/noarch/urllib3-2.7.0-pyhd8ed1ab_0.conda
https://conda.anaconda.org/conda-forge/linux-64/contourpy-1.3.2-py310h3788b33_0.conda
https://conda.anaconda.org/conda-forge/linux-64/h5py-3.16.0-nompi_py310hb9a6f38_102.conda
https://conda.anaconda.org/conda-forge/linux-64/hdmedians-0.14.2-py310hf779ad0_7.conda
https://conda.anaconda.org/bioconda/linux-64/hmmer-3.4-hb6cb901_4.tar.bz2
https://conda.anaconda.org/conda-forge/noarch/jsonschema-4.26.0-pyhcf101f3_0.conda
https://conda.anaconda.org/conda-forge/linux-64/pandas-1.5.2-py310h9b08913_2.conda
https://conda.anaconda.org/conda-forge/noarch/requests-2.34.2-pyhcf101f3_0.conda
https://conda.anaconda.org/conda-forge/noarch/altair-6.2.2-pyhd8ed1ab_0.conda
https://conda.anaconda.org/conda-forge/noarch/cachecontrol-0.14.4-pyha770c72_0.conda
https://conda.anaconda.org/conda-forge/linux-64/matplotlib-base-3.10.9-py310hfde16b3_0.conda
https://conda.anaconda.org/conda-forge/noarch/pooch-1.9.0-pyhd8ed1ab_0.conda
https://conda.anaconda.org/conda-forge/linux-64/scipy-1.10.1-py310ha4c1d20_3.conda
https://conda.anaconda.org/conda-forge/linux-64/scikit-bio-0.5.8-py310h0a54255_1.conda
https://conda.anaconda.org/conda-forge/linux-64/scikit-learn-1.7.2-py310h228f341_0.conda
https://conda.anaconda.org/bioconda/noarch/dram-1.5.0-pyhdfd78af_0.tar.bz2
