# This file may be used to create an environment using:
# $ conda create --name <env> --file <this file>
# platform: linux-64
# created-by: conda 26.1.1
@EXPLICIT
https://conda.anaconda.org/conda-forge/noarch/ca-certificates-2026.7.22-hbd8a1cb_0.conda
https://conda.anaconda.org/conda-forge/linux-64/libgomp-16.1.0-he0feb66_0.conda
https://conda.anaconda.org/conda-forge/linux-64/libzlib-1.3.2-h25fd6f3_2.conda
https://conda.anaconda.org/conda-forge/linux-64/llvm-openmp-22.1.8-h4922eb0_0.conda
https://conda.anaconda.org/conda-forge/linux-64/mpi-1.0-openmpi.tar.bz2
https://conda.anaconda.org/conda-forge/linux-64/onemkl-license-2026.1.0-ha770c72_243.conda
https://conda.anaconda.org/conda-forge/noarch/pybind11-abi-11-hc364b38_1.conda
https://conda.anaconda.org/conda-forge/noarch/python_abi-3.12-8_cp312.conda
https://conda.anaconda.org/conda-forge/noarch/tzdata-2026c-h151e31d_0.conda
https://conda.anaconda.org/conda-forge/linux-64/_openmp_mutex-4.5-7_kmp_llvm.conda
https://conda.anaconda.org/conda-forge/linux-64/zlib-1.3.2-h25fd6f3_2.conda
https://conda.anaconda.org/conda-forge/linux-64/zstd-1.5.7-hb78ec9c_6.conda
https://conda.anaconda.org/conda-forge/linux-64/ld_impl_linux-64-2.46.1-default_hbd61a6d_102.conda
https://conda.anaconda.org/conda-forge/linux-64/libgcc-16.1.0-ha9f2e26_0.conda
https://conda.anaconda.org/conda-forge/linux-64/bzip2-1.0.8-hda65f42_9.conda
https://conda.anaconda.org/conda-forge/linux-64/c-ares-1.34.8-hb03c661_0.conda
https://conda.anaconda.org/conda-forge/linux-64/keyutils-1.6.3-hb9d3cd8_0.conda
https://conda.anaconda.org/conda-forge/linux-64/libdeflate-1.25-h17f619e_0.conda
https://conda.anaconda.org/conda-forge/linux-64/libexpat-2.8.1-hecca717_1.conda
https://conda.anaconda.org/conda-forge/linux-64/libffi-3.5.2-h3435931_0.conda
https://conda.anaconda.org/conda-forge/linux-64/libgcc-ng-16.1.0-h69a702a_0.conda
https://conda.anaconda.org/conda-forge/linux-64/libgfortran5-16.1.0-h79bb938_0.conda
https://conda.anaconda.org/conda-forge/linux-64/libiconv-1.18-h3b78370_2.conda
https://conda.anaconda.org/conda-forge/linux-64/liblzma-5.8.3-hb03c661_0.conda
https://conda.anaconda.org/conda-forge/linux-64/libnsl-2.0.1-hb9d3cd8_1.conda
https://conda.anaconda.org/conda-forge/linux-64/libstdcxx-16.1.0-h934c35e_0.conda
https://conda.anaconda.org/conda-forge/linux-64/libuuid-2.42.2-h5347b49_0.conda
https://conda.anaconda.org/conda-forge/linux-64/libuv-1.52.1-h280c20c_0.conda
https://conda.anaconda.org/conda-forge/linux-64/ncurses-6.6-hdb14827_0.conda
https://conda.anaconda.org/conda-forge/linux-64/openssl-3.6.3-h35e630c_0.conda
https://conda.anaconda.org/bioconda/linux-64/prodigal-2.6.3-h577a1d6_11.tar.bz2
https://conda.anaconda.org/conda-forge/linux-64/tk-8.6.13-noxft_hd70dff1_3.conda
https://conda.anaconda.org/conda-forge/linux-64/xxhash-0.8.3-hb47aa4a_0.conda
https://conda.anaconda.org/conda-forge/linux-64/yaml-0.2.5-h280c20c_3.conda
https://conda.anaconda.org/bioconda/linux-64/bedtools-2.31.1-h13024bc_3.tar.bz2
https://conda.anaconda.org/conda-forge/linux-64/fmt-12.1.0-hff5e90c_0.conda
https://conda.anaconda.org/conda-forge/linux-64/icu-78.3-h54a6638_2.conda
https://conda.anaconda.org/conda-forge/linux-64/libabseil-20260526.0-cxx17_h7b12aa8_1.conda
https://conda.anaconda.org/conda-forge/linux-64/libedit-3.1.20250104-pl5321h7949ede_0.conda
https://conda.anaconda.org/conda-forge/linux-64/libev-4.33-hd590300_2.conda
https://conda.anaconda.org/conda-forge/linux-64/libgfortran-16.1.0-h69a702a_0.conda
https://conda.anaconda.org/conda-forge/linux-64/libssh2-1.11.1-hcf80075_0.conda
https://conda.anaconda.org/conda-forge/linux-64/libstdcxx-ng-16.1.0-hdf11a46_0.conda
https://conda.anaconda.org/conda-forge/linux-64/libunistring-0.9.10-h7f98852_0.tar.bz2
https://conda.anaconda.org/conda-forge/linux-64/libunwind-1.8.3-h65a8314_0.conda
https://conda.anaconda.org/conda-forge/linux-64/libxcrypt-4.4.36-hd590300_1.conda
https://conda.anaconda.org/conda-forge/linux-64/lz4-c-1.10.0-h5888daf_1.conda
https://conda.anaconda.org/bioconda/linux-64/ncbi-vdb-3.4.1-hd63eeec_0.conda
https://conda.anaconda.org/conda-forge/linux-64/onednn-3.12-omp_h83de36e_0.conda
https://conda.anaconda.org/conda-forge/linux-64/pcre2-10.47-haa7fec5_0.conda
https://conda.anaconda.org/conda-forge/linux-64/popt-1.19-h3b78370_0.conda
https://conda.anaconda.org/conda-forge/linux-64/readline-8.3-h853b02a_0.conda
https://conda.anaconda.org/conda-forge/linux-64/sleef-3.9.0-ha0421bc_0.conda
https://conda.anaconda.org/conda-forge/linux-64/tar-1.35-h3b78370_0.conda
https://conda.anaconda.org/conda-forge/linux-64/gmp-6.3.0-hac33072_2.conda
https://conda.anaconda.org/conda-forge/linux-64/krb5-1.22.2-hbde042b_1.conda
https://conda.anaconda.org/conda-forge/linux-64/libgfortran-ng-16.1.0-h69a702a_0.conda
https://conda.anaconda.org/conda-forge/linux-64/libidn2-2.3.8-hfac485b_1.conda
https://conda.anaconda.org/conda-forge/linux-64/libnghttp2-1.68.1-h877daf1_0.conda
https://conda.anaconda.org/conda-forge/linux-64/libprotobuf-7.35.1-h2840a7c_2.conda
https://conda.anaconda.org/conda-forge/linux-64/libpsl-0.22.0-h49b2146_1.conda
https://conda.anaconda.org/conda-forge/linux-64/libsqlite-3.53.4-hf4e2dac_0.conda
https://conda.anaconda.org/conda-forge/linux-64/libxml2-16-2.15.3-hca6bf5a_0.conda
https://conda.anaconda.org/conda-forge/linux-64/perl-5.32.1-7_hd590300_perl5.conda
https://conda.anaconda.org/conda-forge/linux-64/rsync-3.4.4-h5440a77_0.conda
https://conda.anaconda.org/conda-forge/linux-64/glpk-5.0-h445213a_0.tar.bz2
https://conda.anaconda.org/conda-forge/linux-64/gperftools-2.18.1-h65a8314_0.conda
https://conda.anaconda.org/conda-forge/linux-64/libcurl-8.21.0-hae6b9f4_2.conda
https://conda.anaconda.org/conda-forge/linux-64/libxml2-2.15.3-h49c6c72_0.conda
https://conda.anaconda.org/conda-forge/linux-64/mpfr-4.2.2-he0a73b1_0.conda
https://conda.anaconda.org/conda-forge/linux-64/openmpi-4.1.6-hc5af2df_101.conda
https://conda.anaconda.org/conda-forge/noarch/perl-common-sense-3.75-pl5321hd8ed1ab_0.tar.bz2
https://conda.anaconda.org/conda-forge/linux-64/perl-compress-raw-bzip2-2.214-pl5321hda65f42_0.conda
https://conda.anaconda.org/conda-forge/linux-64/perl-compress-raw-zlib-2.214-pl5321h4dac143_0.conda
https://conda.anaconda.org/conda-forge/noarch/perl-exporter-5.74-pl5321hd8ed1ab_0.tar.bz2
https://conda.anaconda.org/conda-forge/noarch/perl-exporter-tiny-1.002002-pl5321hd8ed1ab_0.tar.bz2
https://conda.anaconda.org/conda-forge/noarch/perl-extutils-makemaker-7.70-pl5321hd8ed1ab_0.conda
https://conda.anaconda.org/bioconda/noarch/perl-io-zlib-1.15-pl5321hdfd78af_1.tar.bz2
https://conda.anaconda.org/bioconda/linux-64/perl-list-moreutils-xs-0.430-pl5321h7b50bb2_5.tar.bz2
https://conda.anaconda.org/conda-forge/noarch/perl-parent-0.243-pl5321hd8ed1ab_0.conda
https://conda.anaconda.org/conda-forge/linux-64/perl-scalar-list-utils-1.70-pl5321hb03c661_0.conda
https://conda.anaconda.org/conda-forge/linux-64/perl-storable-3.15-pl5321hb9d3cd8_2.conda
https://conda.anaconda.org/conda-forge/linux-64/python-3.12.13-hd63d673_0_cpython.conda
https://conda.anaconda.org/conda-forge/linux-64/wget-1.25.0-h653f8fd_1.conda
https://conda.anaconda.org/conda-forge/noarch/archspec-0.2.5-pyhd8ed1ab_0.conda
https://conda.anaconda.org/conda-forge/linux-64/backports.zstd-1.6.0-py312h90b7ffd_0.conda
https://conda.anaconda.org/conda-forge/linux-64/brotli-python-1.2.0-py312hdb49522_1.conda
https://conda.anaconda.org/conda-forge/noarch/certifi-2026.7.22-pyhd8ed1ab_0.conda
https://conda.anaconda.org/conda-forge/noarch/charset-normalizer-3.4.9-pyhd8ed1ab_0.conda
https://conda.anaconda.org/conda-forge/noarch/cpython-3.12.13-py312hd8ed1ab_0.conda
https://conda.anaconda.org/conda-forge/linux-64/curl-8.21.0-hae6b9f4_2.conda
https://conda.anaconda.org/bioconda/linux-64/entrez-direct-24.0-he881be0_0.tar.bz2
https://conda.anaconda.org/conda-forge/noarch/filelock-3.32.0-pyhd8ed1ab_0.conda
https://conda.anaconda.org/conda-forge/noarch/fsspec-2026.6.0-pyhd8ed1ab_0.conda
https://conda.anaconda.org/conda-forge/noarch/hpack-4.2.0-pyhd8ed1ab_0.conda
https://conda.anaconda.org/bioconda/linux-64/htslib-1.24-ha79157c_0.conda
https://conda.anaconda.org/conda-forge/noarch/humanfriendly-10.0-pyh707e725_8.conda
https://conda.anaconda.org/conda-forge/noarch/hyperframe-6.1.0-pyhd8ed1ab_0.conda
https://conda.anaconda.org/conda-forge/noarch/idna-3.18-pyhcf101f3_0.conda
https://conda.anaconda.org/conda-forge/linux-64/libhwloc-2.13.0-default_he001693_1000.conda
https://conda.anaconda.org/conda-forge/linux-64/libxml2-devel-2.15.3-h49c6c72_0.conda
https://conda.anaconda.org/conda-forge/noarch/loguru-0.7.3-pyh707e725_0.conda
https://conda.anaconda.org/conda-forge/linux-64/markupsafe-3.0.3-py312h8a5da7c_1.conda
https://conda.anaconda.org/conda-forge/linux-64/mpc-1.4.0-he0a73b1_0.conda
https://conda.anaconda.org/conda-forge/noarch/mpmath-1.4.1-pyhd8ed1ab_0.conda
https://conda.anaconda.org/conda-forge/noarch/narwhals-2.24.0-pyhcf101f3_0.conda
https://conda.anaconda.org/conda-forge/noarch/networkx-3.6.1-pyhcf101f3_0.conda
https://conda.anaconda.org/conda-forge/noarch/packaging-26.2-pyhc364b38_0.conda
https://conda.anaconda.org/conda-forge/noarch/perl-carp-1.50-pl5321hd8ed1ab_0.tar.bz2
https://conda.anaconda.org/conda-forge/linux-64/perl-encode-3.24-pl5321hb03c661_0.conda
https://conda.anaconda.org/bioconda/noarch/perl-list-moreutils-0.430-pl5321hdfd78af_0.tar.bz2
https://conda.anaconda.org/bioconda/noarch/perl-types-serialiser-1.01-pl5321hdfd78af_0.tar.bz2
https://conda.anaconda.org/conda-forge/linux-64/psutil-7.2.2-py312h5253ce2_0.conda
https://conda.anaconda.org/conda-forge/noarch/pybind11-global-3.0.3-pyh648e204_0.conda
https://conda.anaconda.org/conda-forge/noarch/pysocks-1.7.1-pyha55dd90_7.conda
https://conda.anaconda.org/conda-forge/linux-64/pyyaml-6.0.3-py312h8a5da7c_1.conda
https://conda.anaconda.org/conda-forge/linux-64/safetensors-0.8.0-py312h868fb18_0.conda
https://conda.anaconda.org/conda-forge/noarch/setuptools-80.10.2-pyh332efcf_0.conda
https://conda.anaconda.org/conda-forge/noarch/six-1.17.0-pyhe01879c_1.conda
https://conda.anaconda.org/conda-forge/noarch/texttable-1.7.0-pyhd8ed1ab_1.conda
https://conda.anaconda.org/conda-forge/noarch/threadpoolctl-3.6.0-pyhecae5ae_0.conda
https://conda.anaconda.org/conda-forge/noarch/tqdm-4.70.0-pyh8f84b5b_0.conda
https://conda.anaconda.org/conda-forge/noarch/typing_extensions-4.16.0-pyhcf101f3_0.conda
https://conda.anaconda.org/bioconda/linux-64/vambcore-0.1.2-py312ha170aba_2.conda
https://conda.anaconda.org/conda-forge/noarch/coloredlogs-15.0.1-pyhd8ed1ab_4.conda
https://conda.anaconda.org/conda-forge/linux-64/gmpy2-2.3.0-py312hcaba1f9_1.conda
https://conda.anaconda.org/conda-forge/noarch/h2-4.4.0-pyhcf101f3_0.conda
https://conda.anaconda.org/conda-forge/noarch/jinja2-3.1.6-pyhcf101f3_1.conda
https://conda.anaconda.org/conda-forge/noarch/joblib-1.5.3-pyhd8ed1ab_0.conda
https://conda.anaconda.org/bioconda/linux-64/perl-io-compress-2.216-pl5321h503566f_0.conda
https://conda.anaconda.org/bioconda/linux-64/perl-json-xs-4.04-pl5321h9948957_0.conda
https://conda.anaconda.org/conda-forge/linux-64/perl-pathtools-3.75-pl5321hb9d3cd8_2.conda
https://conda.anaconda.org/conda-forge/noarch/pybind11-3.0.3-pyhfe8187e_0.conda
https://conda.anaconda.org/bioconda/linux-64/pyhmmer-0.12.1-py312hfabe715_0.conda
https://conda.anaconda.org/bioconda/linux-64/pyrodigal-3.7.1-py312h247cb63_1.conda
https://conda.anaconda.org/conda-forge/noarch/python-dateutil-2.9.0.post0-pyhe01879c_2.conda
https://conda.anaconda.org/bioconda/linux-64/samtools-1.24-h9dcdb79_1.conda
https://conda.anaconda.org/conda-forge/linux-64/tbb-2023.0.0-hab88423_2.conda
https://conda.anaconda.org/conda-forge/noarch/typing-extensions-4.16.0-h69aa097_0.conda
https://conda.anaconda.org/conda-forge/noarch/wheel-0.47.0-pyhd8ed1ab_0.conda
https://conda.anaconda.org/conda-forge/linux-64/mkl-2026.1.0-hecca717_243.conda
https://conda.anaconda.org/conda-forge/linux-64/optree-0.19.1-py312hd9148b4_0.conda
https://conda.anaconda.org/bioconda/noarch/perl-archive-tar-3.12-pl5321hdfd78af_0.conda
https://conda.anaconda.org/bioconda/noarch/perl-json-4.11-pl5321hdfd78af_0.conda
https://conda.anaconda.org/conda-forge/noarch/pip-26.1.2-pyh8b19718_0.conda
https://conda.anaconda.org/conda-forge/noarch/sympy-1.14.0-pyh2585a3b_106.conda
https://conda.anaconda.org/conda-forge/noarch/urllib3-2.7.0-pyhd8ed1ab_0.conda
https://conda.anaconda.org/bioconda/linux-64/blast-2.17.0-h66d330f_0.conda
https://conda.anaconda.org/conda-forge/linux-64/libblas-3.11.0-8_h5875eb1_mkl.conda
https://conda.anaconda.org/conda-forge/noarch/requests-2.34.2-pyhcf101f3_0.conda
https://conda.anaconda.org/bioconda/linux-64/kraken2-2.17.1-pl5321h077b44d_0.conda
https://conda.anaconda.org/conda-forge/linux-64/libcblas-3.11.0-8_hfef963f_mkl.conda
https://conda.anaconda.org/conda-forge/linux-64/liblapack-3.11.0-8_h5e43f62_mkl.conda
https://conda.anaconda.org/conda-forge/linux-64/arpack-3.9.1-nompi_hf03ea27_102.conda
https://conda.anaconda.org/conda-forge/linux-64/gsl-2.7-he838d99_0.tar.bz2
https://conda.anaconda.org/conda-forge/linux-64/libtorch-2.13.0-cpu_mkl_h8bda6c0_100.conda
https://conda.anaconda.org/conda-forge/linux-64/numpy-2.5.1-py312h33ff503_0.conda
https://conda.anaconda.org/bioconda/linux-64/hmmer-3.4-hb6cb901_4.tar.bz2
https://conda.anaconda.org/conda-forge/linux-64/igraph-1.0.1-hfe3e89f_0.conda
https://conda.anaconda.org/conda-forge/linux-64/numexpr-2.14.2-mkl_py312hb88c13b_0.conda
https://conda.anaconda.org/conda-forge/linux-64/pandas-3.0.5-py312h8ecdadd_1.conda
https://conda.anaconda.org/bioconda/linux-64/pycoverm-0.6.2-py312h7f44c32_0.tar.bz2
https://conda.anaconda.org/conda-forge/linux-64/pytorch-2.13.0-cpu_mkl_py312_h7a6087e_100.conda
https://conda.anaconda.org/conda-forge/linux-64/scipy-1.18.0-py312h54fa4ab_0.conda
https://conda.anaconda.org/conda-forge/noarch/dadaptation-3.2-pyhd8ed1ab_1.conda
https://conda.anaconda.org/conda-forge/linux-64/python-igraph-1.0.0-py312h1289d80_0.conda
https://conda.anaconda.org/conda-forge/linux-64/scikit-learn-1.9.0-np2py312h3226591_0.conda
https://conda.anaconda.org/bioconda/noarch/semibin-2.3.0-pyhdfd78af_0.conda
https://conda.anaconda.org/bioconda/noarch/vamb-5.0.4-pyhdfd78af_0.tar.bz2
