# This file may be used to create an environment using:
# $ conda create --name <env> --file <this file>
# platform: linux-64
# created-by: conda 26.1.1
@EXPLICIT
https://conda.anaconda.org/conda-forge/noarch/_r-mutex-1.0.1-anacondar_1.tar.bz2#e58f9eeb416b92b550e824bcb1b9fb1958dee69abfe3089dfd1a9173e3a0528a
https://conda.anaconda.org/conda-forge/noarch/ca-certificates-2026.6.17-hbd8a1cb_0.conda#f8e3c730fa14ee3f170493779f06522c4acf89169f43db4f039727709b6419cf
https://conda.anaconda.org/conda-forge/noarch/font-ttf-dejavu-sans-mono-2.37-hab24e00_0.tar.bz2#58d7f40d2940dd0a8aa28651239adbf5613254df0f75789919c4e6762054403b
https://conda.anaconda.org/conda-forge/noarch/font-ttf-inconsolata-3.000-h77eed37_0.tar.bz2#c52a29fdac682c20d252facc50f01e7c2e7ceac52aa9817aaf0bb83f7559ec5c
https://conda.anaconda.org/conda-forge/noarch/font-ttf-source-code-pro-2.038-h77eed37_0.tar.bz2#00925c8c055a2275614b4d983e1df637245e19058d79fc7dd1a93b8d9fb4b139
https://conda.anaconda.org/conda-forge/noarch/font-ttf-ubuntu-0.83-h77eed37_3.conda#2821ec1dc454bd8b9a31d0ed22a7ce22422c0aef163c59f49dfdf915d0f0ca14
https://conda.anaconda.org/conda-forge/noarch/kernel-headers_linux-64-5.14.0-he073ed8_3.conda#c4d973dd80ab10028b3e4c58c1c6d8f437bfeaf6069dafb1130dabc550e9caf4
https://conda.anaconda.org/conda-forge/linux-64/libboost-headers-1.85.0-ha770c72_4.conda#55aa2ac604bd7ed76fae0c93698d37aae455ca2fb229ff9aa45e085ff7ad48ec
https://conda.anaconda.org/conda-forge/noarch/libgcc-devel_linux-64-15.2.0-hcc6f6b0_119.conda#38a557eba305468ac1f90ac85e50d8defd76141cb0b8a43b2fc1aca71dd5d5f2
https://conda.anaconda.org/conda-forge/linux-64/libgomp-15.2.0-he0feb66_19.conda#5abe4ab9d93f6c9757d654f1969ae2267d4505315c1f2f8fe705fd60af084f1b
https://conda.anaconda.org/conda-forge/noarch/libstdcxx-devel_linux-64-15.2.0-hd446a21_119.conda#a2385f3611d5cd25378f9cf2367183320731709c067ddd08d43330d3170f15b8
https://conda.anaconda.org/conda-forge/linux-64/libzlib-1.3.2-h25fd6f3_2.conda#55044c403570f0dc26e6364de4dc5368e5f3fc7ff103e867c487e2b5ab2bcda9
https://conda.anaconda.org/conda-forge/linux-64/mpi-1.0-openmpi.tar.bz2#54cf44ee2c122bce206f834a825af06e3b14fc4fd58c968ae9329715cc281d1e
https://conda.anaconda.org/conda-forge/noarch/python_abi-3.10-8_cp310.conda#7ad76fa396e4bde336872350124c0819032a9e8a0a40590744ff9527b54351c1
https://conda.anaconda.org/conda-forge/noarch/tzdata-2026c-h151e31d_0.conda#b928c30ddcb0e3f544c6eade8352737e6e610e263276b90232db6a578ef899d8
https://conda.anaconda.org/conda-forge/linux-64/_openmp_mutex-4.5-20_gnu.conda#1dd3fffd892081df9726d7eb7e0dea6198962ba775bd88842135a4ddb4deb3c9
https://conda.anaconda.org/conda-forge/noarch/fonts-conda-forge-1-hc364b38_1.conda#54eea8469786bc2291cc40bca5f46438d3e062a399e8f53f013b6a9f50e98333
https://conda.anaconda.org/conda-forge/noarch/sysroot_linux-64-2.34-h087de78_3.conda#08c50c314b331730eeb8f87c39a45e5426a5463e078392ab283e2552d753443e
https://conda.anaconda.org/conda-forge/linux-64/zlib-1.3.2-h25fd6f3_2.conda#245c9ee8d688e23661b95e3c6dd7272ca936fabc03d423cdb3cdee1bbcf9f2f2
https://conda.anaconda.org/conda-forge/linux-64/zstd-1.5.7-hb78ec9c_6.conda#68f0206ca6e98fea941e5717cec780ed2873ffabc0e1ed34428c061e2c6268c7
https://conda.anaconda.org/conda-forge/noarch/fonts-conda-ecosystem-1-0.tar.bz2#a997f2f1921bb9c9d76e6fa2f6b408b7fa549edd349a77639c9fe7a23ea93e61
https://conda.anaconda.org/conda-forge/linux-64/ld_impl_linux-64-2.46.1-default_hbd61a6d_102.conda#27d83f1188cd19bcb7754a078b3fa7f4cfb8527f8eb2fde54dd01fc529d1adec
https://conda.anaconda.org/conda-forge/linux-64/libgcc-15.2.0-he0feb66_19.conda#8e0a3b5e41272e5678499b5dfc4cddb673f9e935de01eb0767ce857001229f46
https://conda.anaconda.org/conda-forge/linux-64/binutils_impl_linux-64-2.46.1-default_hfdba357_102.conda#fb7bf36984a37ce7e4714d1d1da0bd0e3bfc679520f5cdc184afc676fd4b5da2
https://conda.anaconda.org/conda-forge/linux-64/blis-2.0-pthreads_h64f13e8_4.conda#d9af2a37d0ee463cc75973536a6717db1f7cb002a462c396c57a15be62eafe36
https://conda.anaconda.org/conda-forge/linux-64/bzip2-1.0.8-hda65f42_9.conda#0b75d45f0bba3e95dc693336fa51f40ea28c980131fec438afb7ce6118ed05f6
https://conda.anaconda.org/conda-forge/linux-64/c-ares-1.34.8-hb03c661_0.conda#dee93a82d045f9aa8277829aa465224afa3c7a6ac18388de66099b2be7f705e7
https://conda.anaconda.org/conda-forge/linux-64/fribidi-1.0.16-hb03c661_0.conda#858283ff33d4c033f4971bf440cebff217d5552a5222ba994c49be990dacd40d
https://conda.anaconda.org/conda-forge/linux-64/isa-l-2.32.1-hb03c661_0.conda#bdcd52848058d7a5ef3fdd88b29701b51d03e948e49f5cc05036d8c8f7943f4e
https://conda.anaconda.org/conda-forge/linux-64/keyutils-1.6.3-hb9d3cd8_0.conda#0960d06048a7185d3542d850986d807c6e37ca2e644342dd0c72feefcf26c2a4
https://conda.anaconda.org/conda-forge/linux-64/libdeflate-1.25-h17f619e_0.conda#aa8e8c4be9a2e81610ddf574e05b64ee131fab5e0e3693210c9d6d2fba32c680
https://conda.anaconda.org/conda-forge/linux-64/libexpat-2.8.1-hecca717_1.conda#16feffd9ddbbe5b718515d38ee376c685ba95491cd901244e24671d20b952a77
https://conda.anaconda.org/conda-forge/linux-64/libffi-3.5.2-h3435931_0.conda#31f19b6a88ce40ebc0d5a992c131f57d919f73c0b92cd1617a5bec83f6e961e6
https://conda.anaconda.org/conda-forge/linux-64/libgcc-ng-15.2.0-h69a702a_19.conda#9dcf54adfaa5e861123c2da4f2f0451a685464ea7e5a41ad91cf67b31d658d98
https://conda.anaconda.org/conda-forge/linux-64/libgfortran5-15.2.0-h68bc16d_19.conda#057978bb69fea29ed715a9b98adf71015c31baecc4aeb2bfc20d4fd5d83579d4
https://conda.anaconda.org/conda-forge/linux-64/libiconv-1.18-h3b78370_2.conda#c467851a7312765447155e071752d7bf9bf44d610a5687e32706f480aad2833f
https://conda.anaconda.org/conda-forge/linux-64/libjpeg-turbo-3.2.0-hb03c661_0.conda#716332fd31b3808da7a4235a05212a9e9da05e854864c3def2dea0b5d2bf7610
https://conda.anaconda.org/conda-forge/linux-64/liblzma-5.8.3-hb03c661_0.conda#ec30e52a3c1bf7d0425380a189d209a52baa03f22fb66dd3eb587acaa765bd6d
https://conda.anaconda.org/conda-forge/linux-64/libnsl-2.0.1-hb9d3cd8_1.conda#927fe72b054277cde6cb82597d0fcf6baf127dcbce2e0a9d8925a68f1265eef5
https://conda.anaconda.org/conda-forge/linux-64/libpng-1.6.58-h421ea60_0.conda#377cfe037f3eeb3b1bf3ad333f724a64d32f315ee1958581fc671891d63d3f89
https://conda.anaconda.org/conda-forge/linux-64/libsqlite-3.53.3-h0c1763c_0.conda#365376f4815e5e80def2b3462a2419708b7c292da0da85278386c2618621fff4
https://conda.anaconda.org/conda-forge/linux-64/libstdcxx-15.2.0-h934c35e_19.conda#dff1058c76ec6b8759e41cefa2508162d00e4a5e6721aa68ec3fd10094e702dc
https://conda.anaconda.org/conda-forge/linux-64/libuuid-2.42.2-h5347b49_0.conda#9b1bdce27a7e31f7d241aeecff67a1f3101d52a2b1e33ccc2cdf2613072bf81f
https://conda.anaconda.org/conda-forge/linux-64/libwebp-base-1.6.0-hd42ef1d_0.conda#3aed21ab28eddffdaf7f804f49be7a7d701e8f0e46c856d801270b470820a37b
https://conda.anaconda.org/conda-forge/linux-64/make-4.4.1-hb9d3cd8_2.conda#d652c7bd4d3b6f82b0f6d063b0d8df6f54cc47531092d7ff008e780f3261bdda
https://conda.anaconda.org/conda-forge/linux-64/ncurses-6.6-hdb14827_0.conda#fc89f74bbe362fb29fa3c037697a89bec140b346a2469a90f7936d1d7ea4d8a3
https://conda.anaconda.org/conda-forge/linux-64/openssl-3.6.3-h35e630c_0.conda#d48f5c22b9897c01e4dff3680f1f57ceb02711ab9c62f74339b080419dfad34b
https://conda.anaconda.org/bioconda/linux-64/prodigal-2.6.3-h577a1d6_11.tar.bz2#1211d9f01128f141154cb4616aa5b15890afc26699767886f6655cabfd67ec06
https://conda.anaconda.org/conda-forge/linux-64/pthread-stubs-0.4-hb9d3cd8_1002.conda#9c88f8c64590e9567c6c80823f0328e58d3b1efb0e1c539c0315ceca764e0973
https://conda.anaconda.org/conda-forge/linux-64/sed-4.10-h19d0853_0.conda#b013d2085ce4ac01daec7b30472e9f3b6c2d69eb3a3a85a6cee3e01a3cb4f61a
https://conda.anaconda.org/bioconda/linux-64/starcode-1.4-h7b50bb2_7.tar.bz2#286af4ccd5231a4f3545f4478b86954d0245bcd56d45704f2bd4f787da5a3351
https://conda.anaconda.org/conda-forge/linux-64/tk-8.6.13-noxft_hd70dff1_3.conda#43624eab22f5f29df7d6ffe914cf442f28fd559b55b290906255492826e636e8
https://conda.anaconda.org/conda-forge/linux-64/unzip-6.0-hb03c661_4.conda#489ee14dcc1080e45d07531e89b1c690a8df68ca6a817ade536e6ef4cdc77b9e
https://conda.anaconda.org/conda-forge/linux-64/xorg-libice-1.1.2-hb9d3cd8_0.conda#c12396aabb21244c212e488bbdc4abcdef0b7404b15761d9329f5a4a39113c4b
https://conda.anaconda.org/conda-forge/linux-64/xorg-libxau-1.0.12-hb03c661_1.conda#6bc6ab7a90a5d8ac94c7e300cc10beb0500eeba4b99822768ca2f2ef356f731b
https://conda.anaconda.org/conda-forge/linux-64/xorg-libxdmcp-1.1.5-hb03c661_1.conda#25d255fb2eef929d21ff660a0c687d38a6d2ccfbcbf0cc6aa738b12af6e9d142
https://conda.anaconda.org/conda-forge/linux-64/yaml-0.2.5-h280c20c_3.conda#6d9ea2f731e284e9316d95fa61869fe7bbba33df7929f82693c121022810f4ad
https://conda.anaconda.org/conda-forge/linux-64/bwidget-1.10.1-ha770c72_1.conda#c88dd33c89b33409ebcd558d78fdc66a63c18f8b06e04d170668ffb6c8ecfabd
https://conda.anaconda.org/conda-forge/linux-64/coreutils-9.5-hd590300_0.conda#7cd3b0f55aa55bb27b045c30f32b3f6b874ecc006f3abcb274c71a3bcbacb358
https://conda.anaconda.org/bioconda/linux-64/diamond-2.2.4-he361c42_0.conda#8ad6583af96914e1514189ef04e500f06c2b57432e73991df7fed0dff80e9285
https://conda.anaconda.org/conda-forge/linux-64/graphite2-1.3.15-hecca717_0.conda#885fa7d1d7e2ad9ed0a700ee0d81ceb49de278253082d517959b22d6336eecce
https://conda.anaconda.org/bioconda/linux-64/k8-1.2-he8db53b_6.tar.bz2#35143205ef4684f417f047c649aea110e0ceb1d6891001511dbceb2dea08be3d
https://conda.anaconda.org/conda-forge/linux-64/lerc-4.1.0-hdb68285_0.conda#f84cb54782f7e9cea95e810ea8fef186e0652d0fa73d3009914fa2c1262594e1
https://conda.anaconda.org/conda-forge/linux-64/libasprintf-0.25.1-h3f43e3d_1.conda#cb728a2a95557bb6a5184be2b8be83a6f2083000d0c7eff4ad5bbe5792133541
https://conda.anaconda.org/conda-forge/linux-64/libblas-3.11.0-8_h91f140b_blis.conda#d27fa769a582fd79e8d08ad5d40906683565cedc0466db9a079a94f68093daf5
https://conda.anaconda.org/conda-forge/linux-64/libedit-3.1.20250104-pl5321h7949ede_0.conda#d789471216e7aba3c184cd054ed61ce3f6dac6f87a50ec69291b9297f8c18724
https://conda.anaconda.org/conda-forge/linux-64/libev-4.33-hd590300_2.conda#1cd6048169fa0395af74ed5d8f1716e22c19a81a8a36f934c110ca3ad4dd27b4
https://conda.anaconda.org/conda-forge/linux-64/libfreetype6-2.14.3-h73754d4_0.conda#16f020f96da79db1863fcdd8f2b8f4f7d52f177dd4c58601e38e9182e91adf1d
https://conda.anaconda.org/conda-forge/linux-64/libgettextpo-0.25.1-h3f43e3d_1.conda#50a9e9815cf3f5bce1b8c5161c0899cc5b6c6052d6d73a4c27f749119e607100
https://conda.anaconda.org/conda-forge/linux-64/libgfortran-15.2.0-h69a702a_19.conda#561a42758ef25b9ce308c4e2cf56daee4f06138385a17e29a492cd928e00be6f
https://conda.anaconda.org/conda-forge/linux-64/liblzma-devel-5.8.3-hb03c661_0.conda#7858f6a173206bc8a5bdc8e75690483bb66c0dcc3809ac1cb43c561a4723623a
https://conda.anaconda.org/conda-forge/linux-64/libsanitizer-15.2.0-h90f66d4_19.conda#7a58892a52739ce4c0f7109de9e91b4353104748eb04fc6441d88e8af444ba99
https://conda.anaconda.org/conda-forge/linux-64/libssh2-1.11.1-hcf80075_0.conda#fa39bfd69228a13e553bd24601332b7cfeb30ca11a3ca50bb028108fe90a7661
https://conda.anaconda.org/conda-forge/linux-64/libstdcxx-ng-15.2.0-hdf11a46_19.conda#0672b6b6e1791c92e8eccad58081a99d614fcf82bca5841f9dfa3c3e658f83b9
https://conda.anaconda.org/conda-forge/linux-64/libunistring-0.9.10-h7f98852_0.tar.bz2#e88c45505921db29c08df3439ddb7f771bbff35f95e7d3103bf365d5d6ce2a6d
https://conda.anaconda.org/conda-forge/linux-64/libxcb-1.17.0-h8a09558_0.conda#666c0c431b23c6cec6e492840b176dde533d48b7e6fb8883f5071223433776aa
https://conda.anaconda.org/conda-forge/linux-64/libxcrypt-4.4.36-hd590300_1.conda#6ae68e0b86423ef188196fff6207ed0c8195dd84273cb5623b85aa08033a410c
https://conda.anaconda.org/bioconda/linux-64/ncbi-vdb-3.4.1-hd63eeec_0.conda#1c876e74214ef7269de12286e1b9b370e3167c0825d215de3b81bf46f3956072
https://conda.anaconda.org/conda-forge/linux-64/pcre2-10.47-haa7fec5_0.conda#5e6f7d161356fefd981948bea5139c5aa0436767751a6930cb1ca801ebb113ff
https://conda.anaconda.org/conda-forge/linux-64/pixman-0.46.4-h54a6638_2.conda#9e5b5be056820ade8b09ef73cf9f4bea037eb9887145d0297ac99e0add88878d
https://conda.anaconda.org/conda-forge/linux-64/readline-8.3-h853b02a_0.conda#12ffde5a6f958e285aa22c191ca01bbd3d6e710aa852e00618fa6ddc59149002
https://conda.anaconda.org/bioconda/linux-64/skani-0.3.2-h79ce301_0.conda#5b030c2b009efb39dee6f22eef930538805dbbf4442aab7ffd475d0a1e24d642
https://conda.anaconda.org/bioconda/linux-64/strobealign-0.17.0-h5ca1c30_0.conda#ca7a962fc160859b9327ed7ab1b8c5b8ae878bc1c72e529948ae74dc2be60109
https://conda.anaconda.org/conda-forge/linux-64/tar-1.35-h3b78370_0.conda#eab162cadb948c91c14f18b6f30a7c270d682e820c4f2fdb0030c9fc99b3fa49
https://conda.anaconda.org/conda-forge/linux-64/xorg-libsm-1.2.6-he73a12e_0.conda#277841c43a39f738927145930ff963c5ce4c4dacf66637a3d95d802a64173250
https://conda.anaconda.org/conda-forge/linux-64/xz-gpl-tools-5.8.3-ha02ee65_0.conda#8f139666ea18dc8340a44a54056627dd4e89e242e8cd136ab2467d6dc2c192ba
https://conda.anaconda.org/conda-forge/linux-64/xz-tools-5.8.3-hb03c661_0.conda#162ebd76803464b8c8ebc7d45df32edf0ec717b3bf369a437ae3b0254f22dc2e
https://conda.anaconda.org/conda-forge/linux-64/gcc_impl_linux-64-15.2.0-he0086c7_19.conda#a48400ec4b73369c1c59babe4ad35821b63a88bba0ec40a80cea5f8c53a26b83
https://conda.anaconda.org/conda-forge/linux-64/gmp-6.3.0-hac33072_2.conda#309cf4f04fec0c31b6771a5809a1909b4b3154a2208f52351e1ada006f4c750c
https://conda.anaconda.org/conda-forge/linux-64/icu-75.1-he02047a_0.conda#71e750d509f5fa3421087ba88ef9a7b9be11c53174af3aa4d06aff4c18b38e8e
https://conda.anaconda.org/conda-forge/linux-64/krb5-1.22.2-hbde042b_1.conda#9b07046870772f28740e3f6149f09ff222843733087a33c5540b169c6289652d
https://conda.anaconda.org/conda-forge/linux-64/libcblas-3.11.0-8_h3c44731_blis.conda#ffe01c763cf3b567157ec309aedb6ca28c7f46eb2e9c1f8de82b735887929a0a
https://conda.anaconda.org/conda-forge/linux-64/libfreetype-2.14.3-ha770c72_0.conda#38f014a7129e644636e46064ecd6b1945e729c2140e21d75bb476af39e692db2
https://conda.anaconda.org/conda-forge/linux-64/libgfortran-ng-15.2.0-h69a702a_19.conda#9ca1d254a3e44e608abec6186b18d372cec21e5253e6da9750f4a8f4780ea0bb
https://conda.anaconda.org/conda-forge/linux-64/libglib-2.88.2-h0d30a3d_0.conda#4bee10e62796f01e4fa2b5849135b1cc061337fe9cf5eb9bd79e9664922ae0e4
https://conda.anaconda.org/conda-forge/linux-64/libidn2-2.3.8-hfac485b_1.conda#cc38c900b9a20fe75e61cbb594e749c57a06d96510722f5ddfa309682062b065
https://conda.anaconda.org/conda-forge/linux-64/liblapack-3.11.0-8_h8876d29_netlib.conda#eddbac0c53b03643afef07fdc29761d94bc2b547db6d6d31c0b97cfa689fd050
https://conda.anaconda.org/conda-forge/linux-64/libnghttp2-1.68.1-h877daf1_0.conda#663444d77a42f2265f54fb8b48c5450bfff4388d9c0f8253dd7855f0d993153f
https://conda.anaconda.org/conda-forge/linux-64/libopenblas-0.3.34-pthreads_h94d23a6_0.conda#23392fc4f4e5ba230fcd1ef825878ba5ca7ee4f6259fac0cbb13299134b7bf7a
https://conda.anaconda.org/conda-forge/linux-64/libtiff-4.7.2-h9d88235_0.conda#b31346e1c01ab40a170e91147092ee8fd92b1dee3c66ee47ef025571c879b159
https://conda.anaconda.org/bioconda/linux-64/minimap2-2.31-h118bc1c_0.conda#344fe7b5328ff635dc2b8914b05e003053e136446e456b81e1b4b5fca1a9cedd
https://conda.anaconda.org/conda-forge/linux-64/pcre-8.45-h9c3ff4c_0.tar.bz2#8f35c244b1631a4f31fb1d66ab6e1d9bfac0ca9b679deced1112c7225b3ad138
https://conda.anaconda.org/conda-forge/linux-64/perl-5.32.1-7_hd590300_perl5.conda#9ec32b6936b0e37bcb0ed34f22ec3116e75b3c0964f9f50ecea5f58734ed6ce9
https://conda.anaconda.org/conda-forge/linux-64/python-3.10.20-h267e890_1_cpython.conda#c15d8585b7a52fdb734bd16dbdcae4b81ed59268862d3a2588eb8ed69c8cbc52
https://conda.anaconda.org/conda-forge/linux-64/xorg-libx11-1.8.13-he1eb515_0.conda#516d4060139dbb4de49a4dcdc6317a9353fb39ebd47789c14e6fe52de0deee42
https://conda.anaconda.org/conda-forge/linux-64/xz-5.8.3-ha02ee65_0.conda#2553fd3ec0a1020b2ca05ca10b0036a596cb0d4bf3645922fcf69dacce0e6679
https://conda.anaconda.org/bioconda/linux-64/bowtie2-2.5.5-ha27dd3b_0.conda#64c666e17228b41c1d4a7ab0ad505b58f50e2ff2e08f22cb2bbbd289090296e4
https://conda.anaconda.org/bioconda/linux-64/bwa-0.7.19-h577a1d6_1.tar.bz2#6914985666bd9527a86a103251cd0e29667f0857b7fe0a47c55b389e3a3b37be
https://conda.anaconda.org/conda-forge/linux-64/cython-3.2.8-py310ha58568a_0.conda#85dae5006aa6de0ec3e49a88005579df294cc857345a4dc90647d593a53302a7
https://conda.anaconda.org/conda-forge/linux-64/fontconfig-2.18.1-h27c8c51_0.conda#2e50bdcebdf70a865b81f2456bbc586386451ec601c60f2b6cd22b8c40a2d384
https://conda.anaconda.org/bioconda/linux-64/fraggenescan-1.32-h7b50bb2_1.conda#64ad97d56cba1347249944e668884b469832625415055586738a2ee19784c0ed
https://conda.anaconda.org/conda-forge/linux-64/freetype-2.14.3-ha770c72_0.conda#c934c385889c7836f034039b43b05ccfa98f53c900db03d8411189892ced090b
https://conda.anaconda.org/conda-forge/linux-64/gfortran_impl_linux-64-15.2.0-h281d09f_19.conda#2f6a962bfcb74b8262dc0af5cf0716acbd96f769a0443dd231d1041c222b0ca6
https://conda.anaconda.org/conda-forge/linux-64/gsl-2.7-he838d99_0.tar.bz2#132a918b676dd1f533d7c6f95e567abf7081a6ea3251c3280de35ef600e0da87
https://conda.anaconda.org/conda-forge/linux-64/gxx_impl_linux-64-15.2.0-hda75c37_19.conda#3f5288346b9fe233352443b3c2e31f1fde845e39d3e96475fc05ec2e782af158
https://conda.anaconda.org/bioconda/linux-64/idba-1.1.3-h9948957_5.conda#17cc7d81742284714a5282a406446048dab2acc4c07980fba2bafc84f823ce7c
https://conda.anaconda.org/conda-forge/noarch/jinxed-2.0.4-pyh55f8243_0.conda#3c9ef8296eef48cddc7250db47f0f171ada5d57eee25dc53deb48c132cf751f7
https://conda.anaconda.org/conda-forge/linux-64/libboost-1.85.0-h0ccab89_4.conda#dc19dfc636c363871763384219269ce6a027fcf3831f17e018caeecb2ffbb20a
https://conda.anaconda.org/conda-forge/linux-64/libcurl-8.21.0-hcf29cc6_1.conda#7d243f45a48f62cb8e3b871dd336137fe0fb90094a191756fb553508837f6338
https://conda.anaconda.org/bioconda/linux-64/megahit-1.2.9-haf24da9_8.tar.bz2#d1e5c9a86384ace9d3d8065313f79564a7c7095451a802a0bc4276966695c201
https://conda.anaconda.org/conda-forge/linux-64/mpfr-4.2.2-he0a73b1_0.conda#8690f550a780f75d9c47f7ffc15f5ff1c149d36ac17208e50eda101ca16611b9
https://conda.anaconda.org/conda-forge/noarch/nose-1.3.7-py_1006.tar.bz2#874b013b498334e1fe088be78cbaedbf88ec9030afa0b5f3ba36e016f49817c2
https://conda.anaconda.org/conda-forge/linux-64/numpy-1.26.4-py310hb13e2d6_0.conda#028fe2ea8e915a0a032b75165f11747770326f3d767e642880540c60a3256425
https://conda.anaconda.org/conda-forge/linux-64/openblas-0.3.34-pthreads_h6ec200e_0.conda#1dc9feba4dae2a7bfabc28e20ce0619bb747db8610549b895a0c932874ed53ce
https://conda.anaconda.org/conda-forge/linux-64/openmpi-4.1.6-hc5af2df_101.conda#f0769dd891e1735be4606ec8643951e5cbca199f774e58c7d933f70a70134ce4
https://conda.anaconda.org/conda-forge/noarch/packaging-26.2-pyhc364b38_0.conda#3906abfb6511a3bb309e39b9b1b7bc38f50a723971de2395489fd1f379255890
https://conda.anaconda.org/conda-forge/linux-64/perl-b-cow-0.007-pl5321hb9d3cd8_1.conda#5c5b00630655d2b87ac45cf48760f85d668538d0a2d038010493805cdc547295
https://conda.anaconda.org/conda-forge/noarch/perl-base-2.23-pl5321hd8ed1ab_0.tar.bz2#4ab1fcab7b157d972db11ebc309576122f7dedcd18d2860712b4b89e7d203051
https://conda.anaconda.org/conda-forge/noarch/perl-common-sense-3.75-pl5321hd8ed1ab_0.tar.bz2#38ef218e9b9d55b9fbdce6b31cf81bcf6f1b16f21b8e7cb9279b41399522a320
https://conda.anaconda.org/conda-forge/linux-64/perl-compress-raw-bzip2-2.214-pl5321hda65f42_0.conda#2cbd3fcb7028415654057ab3142cee1e5cc4cf9bdd0e590f072e8ecd29cb6382
https://conda.anaconda.org/conda-forge/linux-64/perl-compress-raw-zlib-2.214-pl5321h4dac143_0.conda#4fd3a11f8dbd2c9d1a1c5547e344ad20412a3f0d36967502d9764e1b2734dd47
https://conda.anaconda.org/conda-forge/noarch/perl-constant-1.33-pl5321hd8ed1ab_0.tar.bz2#cfd5ef9af8de221292f7059d1ff88ff10f1340fc4dbbd0dc81ce2275bf76651d
https://conda.anaconda.org/bioconda/linux-64/perl-data-dump-1.25-pl5321h7b50bb2_2.tar.bz2#a5bec28f059992e5a735fa8e27c5916783f2df78cc292eb07edb0dff070730da
https://conda.anaconda.org/bioconda/noarch/perl-digest-hmac-1.05-pl5321hdfd78af_0.conda#557f6ca4018e29cbe203838ea376c32d97022817f092ed59276d197b9e024658
https://conda.anaconda.org/conda-forge/linux-64/perl-digest-md5-2.59-pl5321hb9d3cd8_3.conda#b94d9ab6b7170c00faae2b60b5038248c955e8c730d46b9a1fda66c05162e275
https://conda.anaconda.org/conda-forge/noarch/perl-exporter-5.74-pl5321hd8ed1ab_0.tar.bz2#42271d0b79043a10a89044acb5febea50046b745dd2fc37e02943bc3bc75bf8e
https://conda.anaconda.org/conda-forge/noarch/perl-exporter-tiny-1.002002-pl5321hd8ed1ab_0.tar.bz2#abdf86828a12a389d0feb0d70501b267842557bae11820e266526aeb6ab2bebe
https://conda.anaconda.org/conda-forge/noarch/perl-extutils-makemaker-7.70-pl5321hd8ed1ab_0.conda#1d3f342ca74cf2948c3edcfe0d3367b1db0fc64bb163393a2e025336dec3a40c
https://conda.anaconda.org/bioconda/noarch/perl-file-spec-3.48_01-pl5321hdfd78af_2.tar.bz2#6cdba1ba8e76eeb512e2f1d98149529404ce3891d626eed215b8f43c45608837
https://conda.anaconda.org/bioconda/noarch/perl-html-tagset-3.24-pl5321hdfd78af_0.tar.bz2#02b17747b1267771e46dc68bcdc0ffa54fa9ecad958f58b4bf378727d900ef8d
https://conda.anaconda.org/bioconda/noarch/perl-io-html-1.004-pl5321hdfd78af_0.tar.bz2#87764887dfae737b93d7f7af28307559c7e8020e2f9ed24010ea6001b32a53c3
https://conda.anaconda.org/bioconda/noarch/perl-io-zlib-1.15-pl5321hdfd78af_1.tar.bz2#771a44b338cac68a22893897450222b886e24bbb291b014897d561f2ba3b588f
https://conda.anaconda.org/bioconda/linux-64/perl-list-moreutils-xs-0.430-pl5321h7b50bb2_5.tar.bz2#fe2d360770fe5b856ee1e625eac6b07cea386c64b0866e323c6535eb62b9ceee
https://conda.anaconda.org/conda-forge/linux-64/perl-mime-base64-3.16-pl5321hb9d3cd8_3.conda#e6e0361a0c9838128211e81c576f9dbc33f4ba4c2b46f0c21d8e846d625e4144
https://conda.anaconda.org/bioconda/noarch/perl-module-load-0.34-pl5321hdfd78af_0.tar.bz2#5bb709f6fb174b8458e82bc9bfc485bc311325adfbee76f39a1a3f5902c55761
https://conda.anaconda.org/bioconda/noarch/perl-mozilla-ca-20250602-pl5321hdfd78af_0.conda#5c1cb94e3f9120cb9b3c062c73e6834b6b0144dcb9525384c358cc19deebf1f5
https://conda.anaconda.org/conda-forge/noarch/perl-parent-0.243-pl5321hd8ed1ab_0.conda#ec57d9e56ba86d840d5a9e65c665365fb6a290851cd13e6719628f3295eabf34
https://conda.anaconda.org/conda-forge/linux-64/perl-scalar-list-utils-1.70-pl5321hb03c661_0.conda#00678b34a57df53fa31585ff1579f42a6dfc8b1b059fd1b386c6e89573959a9f
https://conda.anaconda.org/bioconda/linux-64/perl-socket-2.027-pl5321h5c03b87_6.tar.bz2#a8cbf8bf171d4641bfae6ef36f0c4a7605e679b908ea69543524c227bb668ee1
https://conda.anaconda.org/conda-forge/linux-64/perl-storable-3.15-pl5321hb9d3cd8_2.conda#25beba40154a394189d0ff2afd31683d79c9106d47e77e12d20900d053dffaf6
https://conda.anaconda.org/conda-forge/noarch/perl-test-needs-0.002009-pl5321hd8ed1ab_0.tar.bz2#d8b207fbc89a9997b7412442f0b0e2ac9ded4d0cba2b9e269b4973897142fa2d
https://conda.anaconda.org/conda-forge/linux-64/perl-test-warnings-0.031-pl5321ha770c72_0.conda#2aaea17941fd456bfe44d15e3f3651d7f27be0cb31235d88e48b71ae857d7ef1
https://conda.anaconda.org/bioconda/noarch/perl-timedate-2.35-pl5321hdfd78af_0.conda#a197b7927b6c34e7ddd11eb625e2b1f56c5cc419d5db56c56b16e57f7aaa3721
https://conda.anaconda.org/conda-forge/linux-64/perl-try-tiny-0.32-pl5321ha770c72_1.conda#c4f8ea4f502155cc1554fe8f6073ef5e1b2d8627bd0fd0bb938eee6a18c9b8cc
https://conda.anaconda.org/bioconda/linux-64/perl-url-encode-0.03-pl5321h9ee0642_1.tar.bz2#4659486c87ee24ae4bc9445dfa3db6ba6a2bc6e039872a6e9f1c6e0031268306
https://conda.anaconda.org/bioconda/linux-64/pullseq-1.0.2-h1104d80_11.tar.bz2#671f8e6c97243cba980f1eef0bfa9d244e6b20af0f66f6003d19709038d37fed
https://conda.anaconda.org/conda-forge/noarch/python-tzdata-2026.3-pyhd8ed1ab_0.conda#3f05db78cf8be33cf6dbc469664b8e3a01f3980d61d6d6bef48669b171896d8a
https://conda.anaconda.org/conda-forge/noarch/pytz-2026.2-pyhcf101f3_0.conda#5020863d629f584b5c057333a67a7aed43e3ed013ba15dd70f353501ccb5aff6
https://conda.anaconda.org/conda-forge/linux-64/ruby-4.0.6-h95e6935_0.conda#f020ac80d3f17a6e0ef14943dac673aaf71ded39aa10184f3536966fcab9e0e4
https://conda.anaconda.org/conda-forge/noarch/setuptools-80.10.2-pyh332efcf_0.conda#f5fcb7854d2b7639a5b1aca41dd0f2d5a69a60bbc313e7f192e2dc385ca52f86
https://conda.anaconda.org/conda-forge/noarch/six-1.17.0-pyhe01879c_1.conda#458227f759d5e3fcec5d9b7acce54e10c9e1f4f4b7ec978f3bfd54ce4ee9853d
https://conda.anaconda.org/conda-forge/noarch/threadpoolctl-3.6.0-pyhecae5ae_0.conda#6016672e0e72c4cf23c0cf7b1986283bd86a9c17e8d319212d78d8e9ae42fdfd
https://conda.anaconda.org/conda-forge/linux-64/tktable-2.10-h5a7a40f_8.conda#3e20b2f2902a1f402ef2420ce2b9e8c91f9e02748d55530894ac1f640561fdd0
https://conda.anaconda.org/conda-forge/noarch/wcwidth-0.8.2-pyhd8ed1ab_0.conda#4acf845da404e84cef1acccc66cc0156af1b83a5b5d7077b2ca19b705c561e57
https://conda.anaconda.org/conda-forge/linux-64/wget-1.25.0-h653f8fd_1.conda#66a5a05e0e44fd7a57e24d77665d5d6672646a7b316575b2f679108966d9124e
https://conda.anaconda.org/conda-forge/linux-64/xorg-libxext-1.3.7-hb03c661_0.conda#79c60fc6acfd3d713d6340d3b4e296836a0f8c51602327b32794625826bd052f
https://conda.anaconda.org/conda-forge/linux-64/xorg-libxrender-0.9.12-hb9d3cd8_0.conda#044c7b3153c224c6cedd4484dd91b389d2d7fd9c776ad0f4a34f099b3389f4a1
https://conda.anaconda.org/conda-forge/linux-64/xorg-libxt-1.3.1-hb9d3cd8_0.conda#a8afba4a55b7b530eb5c8ad89737d60d60bc151a03fbef7a2182461256953f0e
https://conda.anaconda.org/conda-forge/linux-64/biopython-1.87-py310h7c4b9e2_0.conda#fb2543dbaafa07344ebec83a4bc0c401aa5c623bd6498ed19ee1368656d93c45
https://conda.anaconda.org/conda-forge/noarch/blessed-1.45.0-pyha191276_0.conda#f7684a2bbef6a988d914abf30622b2e6f3a019cec398ed4a63108f66fbefa2c4
https://conda.anaconda.org/conda-forge/linux-64/cairo-1.18.4-h3394656_0.conda#3bd6a391ad60e471de76c0e9db34986c4b5058587fbf2efa5a7f54645e28c2c7
https://conda.anaconda.org/conda-forge/linux-64/curl-8.21.0-hcf29cc6_1.conda#8eb4ebeae7230110569da734e2420aee84f6977850bae4af94dc7f0b382f9d89
https://conda.anaconda.org/bioconda/linux-64/entrez-direct-24.0-he881be0_0.tar.bz2#71a8f349659c9c18efa544663de2db1a20b5e3d32f8e4e88cd33110a0caf4eb3
https://conda.anaconda.org/bioconda/linux-64/fastani-1.34-hb66fcc3_6.tar.bz2#7a647bc4cbe1b4c7e161522e0e9bdd40e7f0cc22876af9f937ce562f243a3721
https://conda.anaconda.org/conda-forge/linux-64/gawk-5.4.1-h0a3468a_0.conda#0ae20399bc13d1097237cf29653c1f2dd68e37f08b47a9b3cab76f97556a6bfa
https://conda.anaconda.org/bioconda/linux-64/hmmer-3.4-hb6cb901_4.tar.bz2#604f55ee1f16a9f3c2d07f90eeb4331f5b9c1dca8ed1b70e0fea3bf81b140310
https://conda.anaconda.org/bioconda/linux-64/htslib-1.23.1-h633afcb_0.conda#d0977efb1885c9f00ca76ee13e7c0f9a8936bf271eec25ffa78606cd816a13c9
https://conda.anaconda.org/conda-forge/noarch/joblib-1.5.3-pyhd8ed1ab_0.conda#301539229d7be6420c084490b8145583291123f0ce6b92f56be5948a2c83a379
https://conda.anaconda.org/conda-forge/linux-64/libboost-devel-1.85.0-h00ab1b0_4.conda#04ec5a59e87d75cf6f8b539493f7f71c0cca3f50976251895f51da45e39cddf7
https://conda.anaconda.org/conda-forge/noarch/perl-carp-1.50-pl5321hd8ed1ab_0.tar.bz2#1981e31113e1e77a2cdc13db657c636f047cd3be2a64d9a0bffac03c5427c1bd
https://conda.anaconda.org/conda-forge/linux-64/perl-clone-0.46-pl5321hb9d3cd8_1.conda#f2ec5c3c9bea3b7abc8a0c74e8d43b473e8b37380b321793f17657f7d94780b8
https://conda.anaconda.org/conda-forge/linux-64/perl-encode-3.24-pl5321hb03c661_0.conda#c83d8de38ce43ca15af05f76bc933ff76894aef84baed47300e463dae0c11857
https://conda.anaconda.org/bioconda/noarch/perl-list-moreutils-0.430-pl5321hdfd78af_0.tar.bz2#2190cc8430bb218ea80f5fc5e2bf75e4e20a27fb83e8c3cb789a18c32854a56c
https://conda.anaconda.org/conda-forge/linux-64/perl-net-ssleay-1.96-pl5321h34fdc24_0.conda#a9ca1f3a1d70d32d1946f8b6e8d14bc635cde9d89519463978bd09eb0a4e8e4f
https://conda.anaconda.org/bioconda/noarch/perl-ntlm-1.09-pl5321hdfd78af_5.tar.bz2#98bd506a5cba57295be3c990006427c982fdb3652d05f89d99976e32fc3b8b89
https://conda.anaconda.org/bioconda/noarch/perl-test-requiresinternet-0.05-pl5321hdfd78af_1.tar.bz2#52bc5c78dfb43bd661339eccd437e15c852e217847b3945107ac9d9130606be4
https://conda.anaconda.org/bioconda/noarch/perl-types-serialiser-1.01-pl5321hdfd78af_0.tar.bz2#20f61217b16235d0161ad6fa0a234585afcc04ec5a6142c65b5867e26216dfe3
https://conda.anaconda.org/conda-forge/noarch/python-dateutil-2.9.0.post0-pyhe01879c_2.conda#d6a17ece93bbd5139e02d2bd7dbfa80bee1a4261dced63f65f679121686bf664
https://conda.anaconda.org/conda-forge/linux-64/scipy-1.15.2-py310h1d65ade_0.conda#4cb98641f870666d365594013701d5691205a0fe81ac3ba7778a23b1cc2caa8e
https://conda.anaconda.org/bioconda/linux-64/spades-4.3.0-hde4eca7_0.conda#708d7216ae7f7c6961af81560e27ce63766cb1f16bb9607b78bd8bdfe8f8d96c
https://conda.anaconda.org/conda-forge/noarch/wheel-0.47.0-pyhd8ed1ab_0.conda#9e156ffaefb8463437144326ada4b85d1de17961b9997ac5f1cbbaf747bd8bed
https://conda.anaconda.org/conda-forge/linux-64/boost-cpp-1.85.0-h3c6214e_4.conda#dec1f52d8869b94a9cb2b4d9a727a00ae2c54e7b5a66a51d3d9f1c33159ebb45
https://conda.anaconda.org/conda-forge/linux-64/harfbuzz-12.2.0-h15599e2_0.conda#6bd8b22beb7d40562b2889dc68232c589ff0d11a5ad3addd41a8570d11f039d9
https://conda.anaconda.org/conda-forge/linux-64/pandas-2.3.3-py310h0158d43_2.conda#b9e88fa02fd5e99f54c168df622eda9ddf898cc15e631179963aca51d97244bf
https://conda.anaconda.org/conda-forge/noarch/perl-business-isbn-data-20210112.006-pl5321hd8ed1ab_0.tar.bz2#457f7bdea5c7154472a18ab10d7c40144d65793446d9cb40877dc9c37c6b3b59
https://conda.anaconda.org/bioconda/noarch/perl-encode-locale-1.05-pl5321hdfd78af_7.tar.bz2#1edd69cb9e7001ef9f4b53c121ab5d983cc76428c82b51c2526966974f0ce5dc
https://conda.anaconda.org/bioconda/linux-64/perl-io-compress-2.216-pl5321h503566f_0.conda#5241c33cf55ba0cbfc0ccab96b4a31123761db00310eab4fedd7a95226c4fca7
https://conda.anaconda.org/conda-forge/noarch/perl-io-socket-ssl-2.075-pl5321hd8ed1ab_0.tar.bz2#8823966a271a66bf9177e33d258f6611a6c008ee1bc9dd2fd6278de1a4c8c9f2
https://conda.anaconda.org/bioconda/linux-64/perl-json-xs-4.04-pl5321h9948957_0.conda#f16cf35917a5d75fb55cfc69d8651dc72ff4e06370142b447a4864f5de7d97c6
https://conda.anaconda.org/bioconda/noarch/perl-lwp-mediatypes-6.04-pl5321hdfd78af_1.tar.bz2#dfc7c8e099b03ac2cabf40879fc9ba303e5f6a5b13b42c30e7a68f2bf805f62c
https://conda.anaconda.org/conda-forge/linux-64/perl-pathtools-3.75-pl5321hb9d3cd8_2.conda#a80bc265aa749ae03fdd6d5f2098312ea6f43cc193ea7aba0e6e4304d84ce8c0
https://conda.anaconda.org/bioconda/noarch/perl-test-fatal-0.016-pl5321hdfd78af_0.tar.bz2#fdf89a3e8481aa1068626b0ff11e5b7b320570fd41b11d0a45e43b100b903ec2
https://conda.anaconda.org/bioconda/noarch/perl-time-local-1.35-pl5321hdfd78af_0.tar.bz2#a3052e33a61382ce1d551af9c5431c921baedab933542af88efe36b7a73c4f7f
https://conda.anaconda.org/conda-forge/noarch/pip-26.1.2-pyh8b19718_0.conda#29b7d75bf81ad11645a8e320b369abdc90a92b93f2a9178e853d9dddf82e5106
https://conda.anaconda.org/conda-forge/noarch/python-dashing-0.1.0-pyhd8ed1ab_1.conda#b2c201cef39dfa71a3ea16dc7dd6ad13c37b442b460312dd577ca3628ec794db
https://conda.anaconda.org/bioconda/linux-64/samtools-1.23.1-ha83d96e_0.conda#2cb721907a2df7c54580298d655ae7587dbed593bd5536fa8ef4a22c9ae2a496
https://conda.anaconda.org/conda-forge/linux-64/scikit-learn-1.7.2-py310h228f341_0.conda#8af2a49b75b9697653a0bf55717c8153732c4fc53f58d4aa0ed692ae348c49f6
https://conda.anaconda.org/bioconda/linux-64/concoct-1.1.0-py310hc45f43b_8.conda#5e913487fc37a59081c2165cba7300a0bc8974a055ef4804366a7be066cf8dcf
https://conda.anaconda.org/bioconda/linux-64/coverm-0.8.0-h750ce8b_0.conda#313df188deb4a7ab3eb6c28c7aa7dff7ff0a1d43c7022337bed157aacde64873
https://conda.anaconda.org/bioconda/linux-64/metabat2-2.18_23_gc869c52-h61f4f8f_0.conda#f2cfee6195b0a73967fb3d2a1406cabc574d6c12f301772e11706fbd3bb540e5
https://conda.anaconda.org/conda-forge/linux-64/pango-1.56.4-hadf4263_0.conda#3613774ad27e48503a3a6a9d72017087ea70f1426f6e5541dbdb59a3b626eaaf
https://conda.anaconda.org/bioconda/noarch/perl-archive-tar-3.12-pl5321hdfd78af_0.conda#fb56a9489a87fc238fc70da7a2329495204eec30f7a5f5af1014a6fb22b528f4
https://conda.anaconda.org/conda-forge/noarch/perl-business-isbn-3.007-pl5321hd8ed1ab_0.tar.bz2#fa0b99650ac3bc098d4b34d23eea8f5101f7a5e8c04fc50fac6b8bff70161848
https://conda.anaconda.org/bioconda/noarch/perl-http-date-6.08-pl5321hdfd78af_0.conda#c437c6d8da6bc77b39da6a7f9dd182e79d78b9cda059e8c28e6094fab93b059a
https://conda.anaconda.org/bioconda/noarch/perl-json-4.11-pl5321hdfd78af_0.conda#1c1649f491c76f4ae2984b547701df91c8abfda2e3b7b44e0c007f5e78a87c08
https://conda.anaconda.org/bioconda/linux-64/blast-2.17.0-h66d330f_0.conda#53a319c984d8aafcf7f2d7d4c21ad2590e1bacd674443e09d79ac19694ccf99a
https://conda.anaconda.org/bioconda/noarch/perl-file-listing-6.16-pl5321hdfd78af_0.tar.bz2#a4641bc942ff775a5fede4812239d59c583a9b5d7034c3e54a55ef5047ffaf30
https://conda.anaconda.org/bioconda/noarch/perl-http-cookiejar-lwp-0.014-pl5321hdfd78af_0.conda#40e75c970aa1cea1e5e639c67bb8db4f139d7f00baef939a2366687873f5bb15
https://conda.anaconda.org/conda-forge/linux-64/perl-uri-5.35-pl5321ha770c72_0.conda#96d1e28e0c99839d37113ed364521d122179af00dba1a37f3459add94e71fc6c
https://conda.anaconda.org/conda-forge/linux-64/r-base-4.4.3-h835929b_7.conda#6a0ff18919a9fd445cadb31c9b518525c65e0f7bd6de4ddbb073151799c7662b
https://conda.anaconda.org/bioconda/noarch/perl-http-message-7.02-pl5321hdfd78af_0.conda#f7501830e822af019a4577b03824ddf6b89ac3ded159cceb3adc73d29879919b
https://conda.anaconda.org/bioconda/noarch/perl-net-http-6.24-pl5321hdfd78af_0.conda#d8a5fa3eb87ced2a2fd21fd01126bc42a09f7403b4344228840a000da71965e9
https://conda.anaconda.org/bioconda/noarch/perl-www-robotrules-6.03-pl5321hdfd78af_0.conda#2585bf469c2ba8f91334b8e43c494c853714961be76b05e8b82971de19df92b8
https://conda.anaconda.org/conda-forge/linux-64/r-bitops-1.0_9-r44h54b55ab_1.conda#39ff41868e21cbf57e23838ae6b7f68d9bc339f9aeae027c19d1cbdcfe70c06f
https://conda.anaconda.org/conda-forge/linux-64/r-data.table-1.18.4-r44h1c8cec4_0.conda#1ed7f608b57a162526ae9e7b04d61150e9a229e19d61fa5f414d716fcee088f5
https://conda.anaconda.org/conda-forge/noarch/r-docopt-0.7.2-r44hc72bb7e_1.conda#4725fd49e80c4685d62a802b9635992155d584d329da9da467f4324c9f68fe29
https://conda.anaconda.org/conda-forge/linux-64/r-gtools-3.9.5-r44h54b55ab_2.conda#86e0010bb6cf91b1c1c124e63d82271e9a835025a3c4592cd6648b40a0a58448
https://conda.anaconda.org/conda-forge/linux-64/r-kernsmooth-2.23_26-r44ha0a88a1_1.conda#71e7c91b230748646fdcae0587a94bc8ea3a5e659e950a0adff17bf6a6007cd3
https://conda.anaconda.org/conda-forge/linux-64/r-magrittr-2.0.5-r44h54b55ab_0.conda#a827edd45d915ca2e5a950a940cdc0e0f5288c3de6d63d7e6f887e9e8ec0d8e3
https://conda.anaconda.org/bioconda/noarch/das_tool-1.1.7-r44hdfd78af_1.tar.bz2#725eabd5d492969ce11316b49c485f89ec909a45fc85b8b2a97cae8c90efae65
https://conda.anaconda.org/bioconda/linux-64/perl-html-parser-3.81-pl5321h4ac6f70_1.tar.bz2#75da08710f7cda3e96e9e9298f76895ac3ca939d2cb9d532a46f3519e923b8cb
https://conda.anaconda.org/bioconda/noarch/perl-http-cookies-6.11-pl5321hdfd78af_0.tar.bz2#c113faf3535de0016a960de68b3fb34ebcd5ad5bcf0c33906ff8270e2f17ef24
https://conda.anaconda.org/bioconda/noarch/perl-http-daemon-6.17-pl5321hdfd78af_0.conda#d0397c715a8addf64a8b05c3421a28322dcab0b77d60c58c61787285058ffd79
https://conda.anaconda.org/bioconda/noarch/perl-http-negotiate-6.01-pl5321hdfd78af_4.tar.bz2#89668c6121a609e43fa90c86e4ce350b22c679b9369b5db113d69e4ac1a811c8
https://conda.anaconda.org/bioconda/noarch/perl-lwp-protocol-https-6.15-pl5321hdfd78af_0.conda#d941f8859f3a7fc79868ef9f906e19bb4df00c7a3efad4129901e0f36e863575
https://conda.anaconda.org/conda-forge/linux-64/r-catools-1.18.3-r44h3697838_1.conda#e5d962a05b846a404df304364acd72316771934e77459e01ee38f5b3ed19f29a
https://conda.anaconda.org/bioconda/noarch/perl-libwww-perl-6.82-pl5321hdfd78af_0.conda#68049101b8c31a544eb8f63d093cca328d759b33f2ec934764b5837352eb5cd3
https://conda.anaconda.org/conda-forge/noarch/r-gplots-3.3.0-r44hc72bb7e_0.conda#481d44f69ca76dd7f8532d8e3639ca41a82bc93cea3a02b92b156d79764f099b
https://conda.anaconda.org/bioconda/linux-64/maxbin2-2.2.7-h503566f_8.conda#e325328238f27b278b782895db9c7986b2b6a5b7ad67ae737b00731ae585435c
