# This file may be used to create an environment using:
# $ conda create --name <env> --file <this file>
# platform: linux-64
# created-by: conda 26.1.1
@EXPLICIT
https://conda.anaconda.org/conda-forge/noarch/ca-certificates-2026.7.22-hbd8a1cb_0.conda
https://conda.anaconda.org/conda-forge/linux-64/libgomp-16.1.0-he0feb66_0.conda
https://conda.anaconda.org/conda-forge/linux-64/libopentelemetry-cpp-headers-1.27.0-ha770c72_1.conda
https://conda.anaconda.org/conda-forge/linux-64/libzlib-1.3.2-h25fd6f3_2.conda
https://conda.anaconda.org/conda-forge/linux-64/mpi-1.0-openmpi.tar.bz2
https://conda.anaconda.org/conda-forge/linux-64/nlohmann_json-3.12.0-h54a6638_1.conda
https://conda.anaconda.org/conda-forge/noarch/python_abi-3.12-8_cp312.conda
https://conda.anaconda.org/bioconda/linux-64/taxonkit-0.20.0-h9ee0642_1.conda
https://conda.anaconda.org/conda-forge/noarch/tzdata-2026c-h151e31d_0.conda
https://conda.anaconda.org/conda-forge/linux-64/_openmp_mutex-4.5-20_gnu.conda
https://conda.anaconda.org/conda-forge/linux-64/zlib-1.3.2-h25fd6f3_2.conda
https://conda.anaconda.org/conda-forge/linux-64/zstd-1.5.7-hb78ec9c_6.conda
https://conda.anaconda.org/conda-forge/linux-64/ld_impl_linux-64-2.46.1-default_hbd61a6d_102.conda
https://conda.anaconda.org/conda-forge/linux-64/libgcc-16.1.0-ha9f2e26_0.conda
https://conda.anaconda.org/conda-forge/linux-64/aws-c-common-0.14.2-hb03c661_0.conda
https://conda.anaconda.org/conda-forge/linux-64/bzip2-1.0.8-hda65f42_9.conda
https://conda.anaconda.org/conda-forge/linux-64/c-ares-1.34.8-hb03c661_0.conda
https://conda.anaconda.org/bioconda/linux-64/fasttree-2.1.11-h7b50bb2_5.tar.bz2
https://conda.anaconda.org/conda-forge/linux-64/gzip-1.14-hb9d3cd8_0.conda
https://conda.anaconda.org/conda-forge/linux-64/keyutils-1.6.3-hb9d3cd8_0.conda
https://conda.anaconda.org/conda-forge/linux-64/libbrotlicommon-1.2.0-hb03c661_1.conda
https://conda.anaconda.org/conda-forge/linux-64/libexpat-2.8.1-hecca717_1.conda
https://conda.anaconda.org/conda-forge/linux-64/libffi-3.7.0-h3435931_0.conda
https://conda.anaconda.org/conda-forge/linux-64/libgcc-ng-16.1.0-h69a702a_0.conda
https://conda.anaconda.org/conda-forge/linux-64/libgfortran5-16.1.0-h79bb938_0.conda
https://conda.anaconda.org/conda-forge/linux-64/libiconv-1.18-h3b78370_2.conda
https://conda.anaconda.org/conda-forge/linux-64/liblzma-5.8.3-hb03c661_0.conda
https://conda.anaconda.org/conda-forge/linux-64/libmagic-5.48-h421ea60_1.conda
https://conda.anaconda.org/conda-forge/linux-64/libnsl-2.0.1-hb9d3cd8_1.conda
https://conda.anaconda.org/conda-forge/linux-64/libstdcxx-16.1.0-h934c35e_0.conda
https://conda.anaconda.org/conda-forge/linux-64/libutf8proc-2.11.3-hfe17d71_0.conda
https://conda.anaconda.org/conda-forge/linux-64/libuuid-2.42.2-h5347b49_0.conda
https://conda.anaconda.org/conda-forge/linux-64/ncurses-6.6-hdb14827_0.conda
https://conda.anaconda.org/conda-forge/linux-64/openssl-3.6.3-h35e630c_0.conda
https://conda.anaconda.org/bioconda/linux-64/prodigal-2.6.3-h577a1d6_11.tar.bz2
https://conda.anaconda.org/conda-forge/linux-64/sed-4.10-h19d0853_0.conda
https://conda.anaconda.org/conda-forge/linux-64/tk-8.6.13-noxft_hd70dff1_3.conda
https://conda.anaconda.org/conda-forge/linux-64/yaml-0.2.5-h280c20c_3.conda
https://conda.anaconda.org/conda-forge/linux-64/aws-c-cal-0.9.14-h2aa3ae6_4.conda
https://conda.anaconda.org/conda-forge/linux-64/aws-c-compression-0.3.2-h720e601_4.conda
https://conda.anaconda.org/conda-forge/linux-64/aws-c-sdkutils-0.2.7-h720e601_2.conda
https://conda.anaconda.org/conda-forge/linux-64/aws-checksums-0.2.10-h720e601_4.conda
https://conda.anaconda.org/conda-forge/linux-64/bc-1.07.1-h7f98852_0.tar.bz2
https://conda.anaconda.org/conda-forge/linux-64/coreutils-9.1-h166bdaf_0.tar.bz2
https://conda.anaconda.org/conda-forge/linux-64/file-5.48-hd479b6e_1.conda
https://conda.anaconda.org/conda-forge/linux-64/gflags-2.3.1-h54a6638_0.conda
https://conda.anaconda.org/conda-forge/linux-64/icu-78.3-h54a6638_2.conda
https://conda.anaconda.org/bioconda/linux-64/iqtree-3.1.3-h8471819_0.conda
https://conda.anaconda.org/conda-forge/linux-64/libabseil-20260526.0-cxx17_h7b12aa8_1.conda
https://conda.anaconda.org/conda-forge/linux-64/libasprintf-0.25.1-h3f43e3d_1.conda
https://conda.anaconda.org/conda-forge/linux-64/libbrotlidec-1.2.0-hb03c661_1.conda
https://conda.anaconda.org/conda-forge/linux-64/libbrotlienc-1.2.0-hb03c661_1.conda
https://conda.anaconda.org/conda-forge/linux-64/libedit-3.1.20250104-pl5321h7949ede_0.conda
https://conda.anaconda.org/conda-forge/linux-64/libev-4.33-hd590300_2.conda
https://conda.anaconda.org/conda-forge/linux-64/libevent-2.1.12-hf998b51_1.conda
https://conda.anaconda.org/conda-forge/linux-64/libgettextpo-0.25.1-h3f43e3d_1.conda
https://conda.anaconda.org/conda-forge/linux-64/libgfortran-16.1.0-h69a702a_0.conda
https://conda.anaconda.org/conda-forge/linux-64/liblzma-devel-5.8.3-hb03c661_0.conda
https://conda.anaconda.org/conda-forge/linux-64/libssh2-1.11.1-hcf80075_0.conda
https://conda.anaconda.org/conda-forge/linux-64/libstdcxx-ng-16.1.0-hdf11a46_0.conda
https://conda.anaconda.org/conda-forge/linux-64/libunistring-0.9.10-h7f98852_0.tar.bz2
https://conda.anaconda.org/conda-forge/linux-64/libxcrypt-4.4.36-hd590300_1.conda
https://conda.anaconda.org/conda-forge/linux-64/lz4-c-1.10.0-h5888daf_1.conda
https://conda.anaconda.org/conda-forge/linux-64/pcre2-10.47-haa7fec5_0.conda
https://conda.anaconda.org/conda-forge/linux-64/readline-8.3-h853b02a_0.conda
https://conda.anaconda.org/conda-forge/linux-64/s2n-1.7.5-h7e3ee7f_1.conda
https://conda.anaconda.org/conda-forge/linux-64/snappy-1.2.2-h03e3b7b_1.conda
https://conda.anaconda.org/conda-forge/linux-64/tar-1.35-h3b78370_0.conda
https://conda.anaconda.org/bioconda/linux-64/trimal-1.5.1-h9948957_0.conda
https://conda.anaconda.org/bioconda/linux-64/veryfasttree-4.0.5-h9948957_0.tar.bz2
https://conda.anaconda.org/conda-forge/linux-64/xz-gpl-tools-5.8.3-ha02ee65_0.conda
https://conda.anaconda.org/conda-forge/linux-64/xz-tools-5.8.3-hb03c661_0.conda
https://conda.anaconda.org/conda-forge/linux-64/aws-c-io-0.27.3-h6f4d18d_1.conda
https://conda.anaconda.org/conda-forge/linux-64/dos2unix-7.5.5-ha4b6fd6_1.conda
https://conda.anaconda.org/conda-forge/linux-64/gdbm-1.18-h0a1914f_2.tar.bz2
https://conda.anaconda.org/conda-forge/linux-64/glog-0.7.1-hb7133d2_1.conda
https://conda.anaconda.org/conda-forge/linux-64/gmp-6.3.0-hac33072_2.conda
https://conda.anaconda.org/conda-forge/linux-64/krb5-1.22.2-hbde042b_1.conda
https://conda.anaconda.org/conda-forge/linux-64/libcrc32c-1.1.2-h9c3ff4c_0.tar.bz2
https://conda.anaconda.org/conda-forge/linux-64/libgfortran-ng-16.1.0-h69a702a_0.conda
https://conda.anaconda.org/conda-forge/linux-64/libidn2-2.3.8-hfac485b_1.conda
https://conda.anaconda.org/conda-forge/linux-64/libnghttp2-1.68.1-h877daf1_0.conda
https://conda.anaconda.org/conda-forge/linux-64/libopenblas-0.3.33-pthreads_h94d23a6_0.conda
https://conda.anaconda.org/conda-forge/linux-64/libprotobuf-7.35.1-h2840a7c_2.conda
https://conda.anaconda.org/conda-forge/linux-64/libpsl-0.22.0-h49b2146_1.conda
https://conda.anaconda.org/conda-forge/linux-64/libre2-11-2025.11.05-h60473fc_2.conda
https://conda.anaconda.org/conda-forge/linux-64/libsqlite-3.53.4-hf4e2dac_0.conda
https://conda.anaconda.org/conda-forge/linux-64/libthrift-0.22.0-h7d032f7_2.conda
https://conda.anaconda.org/conda-forge/linux-64/libxml2-16-2.15.3-hca6bf5a_0.conda
https://conda.anaconda.org/bioconda/linux-64/muscle-5.1-h4ac6f70_3.tar.bz2
https://conda.anaconda.org/conda-forge/linux-64/perl-5.32.1-7_hd590300_perl5.conda
https://conda.anaconda.org/conda-forge/linux-64/xz-5.8.3-ha02ee65_0.conda
https://conda.anaconda.org/conda-forge/linux-64/aws-c-event-stream-0.7.1-h6ffeea8_4.conda
https://conda.anaconda.org/conda-forge/linux-64/aws-c-http-0.11.0-h38ae05a_4.conda
https://conda.anaconda.org/conda-forge/linux-64/libblas-3.11.0-8_h4a7cf45_openblas.conda
https://conda.anaconda.org/conda-forge/linux-64/libcurl-8.21.0-hae6b9f4_2.conda
https://conda.anaconda.org/conda-forge/linux-64/libxml2-2.15.3-h49c6c72_0.conda
https://conda.anaconda.org/conda-forge/linux-64/openmpi-4.1.6-hc5af2df_101.conda
https://conda.anaconda.org/conda-forge/linux-64/orc-2.3.1-h443056b_0.conda
https://conda.anaconda.org/conda-forge/noarch/parallel-20260722-hd8ed1ab_0.conda
https://conda.anaconda.org/conda-forge/linux-64/python-3.12.7-hc5c86c4_0_cpython.conda
https://conda.anaconda.org/conda-forge/linux-64/re2-2025.11.05-h94463f1_2.conda
https://conda.anaconda.org/conda-forge/linux-64/ruby-3.4.2-he7af4c9_0.conda
https://conda.anaconda.org/conda-forge/linux-64/wget-1.25.0-h653f8fd_1.conda
https://conda.anaconda.org/conda-forge/linux-64/aws-c-auth-0.10.4-hb7a77c6_1.conda
https://conda.anaconda.org/conda-forge/linux-64/aws-c-mqtt-0.16.0-h21f4ec5_2.conda
https://conda.anaconda.org/conda-forge/linux-64/azure-core-cpp-1.16.3-h206d751_0.conda
https://conda.anaconda.org/conda-forge/linux-64/curl-8.21.0-hae6b9f4_2.conda
https://conda.anaconda.org/bioconda/linux-64/entrez-direct-25.3-he881be0_0.conda
https://conda.anaconda.org/conda-forge/linux-64/libcblas-3.11.0-8_h0358290_openblas.conda
https://conda.anaconda.org/conda-forge/linux-64/libgrpc-1.82.1-h792040b_0.conda
https://conda.anaconda.org/conda-forge/linux-64/liblapack-3.11.0-8_h47877c9_openblas.conda
https://conda.anaconda.org/conda-forge/noarch/packaging-26.2-pyhc364b38_0.conda
https://conda.anaconda.org/conda-forge/linux-64/prometheus-cpp-1.3.0-ha5d0236_0.conda
https://conda.anaconda.org/conda-forge/noarch/setuptools-83.0.0-pyh332efcf_0.conda
https://conda.anaconda.org/conda-forge/noarch/six-1.17.0-pyhe01879c_1.conda
https://conda.anaconda.org/conda-forge/linux-64/aws-c-s3-0.12.8-h46fcd08_1.conda
https://conda.anaconda.org/conda-forge/linux-64/azure-identity-cpp-1.13.3-h71f81a8_2.conda
https://conda.anaconda.org/conda-forge/linux-64/azure-storage-common-cpp-12.14.0-hf596fc9_1.conda
https://conda.anaconda.org/conda-forge/linux-64/gsl-2.7-he838d99_0.tar.bz2
https://conda.anaconda.org/conda-forge/linux-64/libopentelemetry-cpp-1.27.0-h3133023_1.conda
https://conda.anaconda.org/conda-forge/linux-64/numpy-2.5.1-py312h33ff503_0.conda
https://conda.anaconda.org/conda-forge/noarch/python-dateutil-2.9.0.post0-pyhe01879c_2.conda
https://conda.anaconda.org/conda-forge/noarch/wheel-0.47.0-pyhd8ed1ab_0.conda
https://conda.anaconda.org/conda-forge/linux-64/aws-crt-cpp-0.40.1-h102d43b_3.conda
https://conda.anaconda.org/conda-forge/linux-64/azure-storage-blobs-cpp-12.18.0-h74b55db_1.conda
https://conda.anaconda.org/conda-forge/linux-64/biopython-1.87-py312h4c3975b_0.conda
https://conda.anaconda.org/bioconda/linux-64/hmmer-3.4-hb6cb901_4.tar.bz2
https://conda.anaconda.org/conda-forge/linux-64/libgoogle-cloud-3.7.0-hbc29df5_0.conda
https://conda.anaconda.org/conda-forge/linux-64/pandas-3.0.5-py312h8ecdadd_1.conda
https://conda.anaconda.org/conda-forge/noarch/pip-26.1.2-pyh8b19718_0.conda
https://conda.anaconda.org/conda-forge/linux-64/aws-sdk-cpp-1.11.833-hc7390e0_9.conda
https://conda.anaconda.org/conda-forge/linux-64/azure-storage-files-datalake-cpp-12.16.0-h1f05bef_1.conda
https://conda.anaconda.org/bioconda/noarch/kofamscan-1.3.0-hdfd78af_2.tar.bz2
https://conda.anaconda.org/conda-forge/linux-64/libgoogle-cloud-storage-3.7.0-hdbdcf42_0.conda
https://conda.anaconda.org/conda-forge/linux-64/libarrow-25.0.0-h32b7842_3_cpu.conda
https://conda.anaconda.org/conda-forge/linux-64/libarrow-compute-25.0.0-h53684a4_3_cpu.conda
https://conda.anaconda.org/conda-forge/linux-64/libparquet-25.0.0-h7376487_3_cpu.conda
https://conda.anaconda.org/conda-forge/linux-64/libarrow-acero-25.0.0-h635bf11_3_cpu.conda
https://conda.anaconda.org/conda-forge/linux-64/pyarrow-core-25.0.0-py312h2054cf2_0_cpu.conda
https://conda.anaconda.org/conda-forge/linux-64/libarrow-dataset-25.0.0-h635bf11_3_cpu.conda
https://conda.anaconda.org/conda-forge/linux-64/libarrow-substrait-25.0.0-h66fbfdd_3_cpu.conda
https://conda.anaconda.org/conda-forge/linux-64/pyarrow-25.0.0-py312h7900ff3_0.conda
https://conda.anaconda.org/bioconda/linux-64/gtotree-1.8.17-h9ee0642_0.conda
